// !$*UTF8*$!
{
	archiveVersion = 1;
	classes = {
	};
	objectVersion = 46;
	objects = {

/* Begin PBXBuildFile section */
		16076EBA1F7CA142009E1E49 /* SizePickerViewController.swift in Sources */ = {isa = PBXBuildFile; fileRef = 16076EB91F7CA142009E1E49 /* SizePickerViewController.swift */; };
		16076EBC1F7CA1EF009E1E49 /* SizePickerTableViewCell.swift in Sources */ = {isa = PBXBuildFile; fileRef = 16076EBB1F7CA1EF009E1E49 /* SizePickerTableViewCell.swift */; };
		16083DD71F7E75F0008BBB4B /* NotificationViewController.swift in Sources */ = {isa = PBXBuildFile; fileRef = 16083DD61F7E75F0008BBB4B /* NotificationViewController.swift */; };
		162BEC1F1F7CCCBD00BB78BA /* Localizable.strings in Resources */ = {isa = PBXBuildFile; fileRef = 1664F4A81F74AD9200809C32 /* Localizable.strings */; };
		162BEC201F7CCCBD00BB78BA /* Main.storyboard in Resources */ = {isa = PBXBuildFile; fileRef = 163F65AE1F61663900945E04 /* Main.storyboard */; };
		162BEC211F7CCCBD00BB78BA /* LaunchScreen.storyboard in Resources */ = {isa = PBXBuildFile; fileRef = 163F65B31F61663900945E04 /* LaunchScreen.storyboard */; };
		16332A231F7F3048007857E3 /* SaveViewController.swift in Sources */ = {isa = PBXBuildFile; fileRef = 16332A221F7F3048007857E3 /* SaveViewController.swift */; };
		16366AE21F7A0AA300E5799B /* HomeViewController.swift in Sources */ = {isa = PBXBuildFile; fileRef = 16366AE11F7A0AA300E5799B /* HomeViewController.swift */; };
		16366AE51F7A131200E5799B /* HomeTableViewCell.swift in Sources */ = {isa = PBXBuildFile; fileRef = 16366AE41F7A131200E5799B /* HomeTableViewCell.swift */; };
		16366AE71F7A39EC00E5799B /* ImageViewExtension.swift in Sources */ = {isa = PBXBuildFile; fileRef = 16366AE61F7A39EC00E5799B /* ImageViewExtension.swift */; };
		163906FE1F6C083300E5717A /* SignInViewController.swift in Sources */ = {isa = PBXBuildFile; fileRef = 163906FD1F6C083300E5717A /* SignInViewController.swift */; };
		163907001F6C0A4E00E5717A /* TitleView.xib in Resources */ = {isa = PBXBuildFile; fileRef = 163906FF1F6C0A4E00E5717A /* TitleView.xib */; };
		163907041F6C0BE400E5717A /* ApplicationExtension.swift in Sources */ = {isa = PBXBuildFile; fileRef = 163907021F6C0BE400E5717A /* ApplicationExtension.swift */; };
		163907051F6C0BE400E5717A /* BundleExtension.swift in Sources */ = {isa = PBXBuildFile; fileRef = 163907031F6C0BE400E5717A /* BundleExtension.swift */; };
		163F65AB1F61663800945E04 /* AppDelegate.swift in Sources */ = {isa = PBXBuildFile; fileRef = 163F65AA1F61663800945E04 /* AppDelegate.swift */; };
		163F65B21F61663900945E04 /* Assets.xcassets in Resources */ = {isa = PBXBuildFile; fileRef = 163F65B11F61663900945E04 /* Assets.xcassets */; };
		163F65BF1F616C4F00945E04 /* CanvasViewController.swift in Sources */ = {isa = PBXBuildFile; fileRef = 163F65BE1F616C4F00945E04 /* CanvasViewController.swift */; };
		164028E41F8719B20013AE6E /* Model.xcdatamodeld in Sources */ = {isa = PBXBuildFile; fileRef = 164028E21F8719B20013AE6E /* Model.xcdatamodeld */; };
		164028EA1F871B8F0013AE6E /* CoreDataStack.swift in Sources */ = {isa = PBXBuildFile; fileRef = 164028E91F871B8F0013AE6E /* CoreDataStack.swift */; };
		164028EC1F8753A90013AE6E /* CategoryViewController.swift in Sources */ = {isa = PBXBuildFile; fileRef = 164028EB1F8753A80013AE6E /* CategoryViewController.swift */; };
		164ED2481F7B376700E8B910 /* CollectionViewController.swift in Sources */ = {isa = PBXBuildFile; fileRef = 164ED2471F7B376700E8B910 /* CollectionViewController.swift */; };
		164ED24D1F7B379200E8B910 /* AccountViewController.swift in Sources */ = {isa = PBXBuildFile; fileRef = 164ED24C1F7B379200E8B910 /* AccountViewController.swift */; };
		164ED24F1F7B414500E8B910 /* TableViewExtension.swift in Sources */ = {isa = PBXBuildFile; fileRef = 164ED24E1F7B414500E8B910 /* TableViewExtension.swift */; };
		164ED2511F7B517200E8B910 /* StatusBarBackgroundView.swift in Sources */ = {isa = PBXBuildFile; fileRef = 164ED2501F7B517200E8B910 /* StatusBarBackgroundView.swift */; };
		164ED2531F7BA45E00E8B910 /* ColorPickerViewController.swift in Sources */ = {isa = PBXBuildFile; fileRef = 164ED2521F7BA45E00E8B910 /* ColorPickerViewController.swift */; };
		165710FF1F6BAB63004A8DD8 /* Path.swift in Sources */ = {isa = PBXBuildFile; fileRef = 165710FE1F6BAB63004A8DD8 /* Path.swift */; };
		165ECC531F73947C00E32AA5 /* ForgetPasswordViewController.swift in Sources */ = {isa = PBXBuildFile; fileRef = 165ECC521F73947C00E32AA5 /* ForgetPasswordViewController.swift */; };
		165ECC551F73A40700E32AA5 /* ViewControllerExtension.swift in Sources */ = {isa = PBXBuildFile; fileRef = 165ECC541F73A40600E32AA5 /* ViewControllerExtension.swift */; };
		165ECC571F73A46200E32AA5 /* ColorExtension.swift in Sources */ = {isa = PBXBuildFile; fileRef = 165ECC561F73A46200E32AA5 /* ColorExtension.swift */; };
		165ECC591F73A47D00E32AA5 /* StringExtension.swift in Sources */ = {isa = PBXBuildFile; fileRef = 165ECC581F73A47C00E32AA5 /* StringExtension.swift */; };
		165ECC5B1F73A72500E32AA5 /* RestClient.swift in Sources */ = {isa = PBXBuildFile; fileRef = 165ECC5A1F73A72400E32AA5 /* RestClient.swift */; };
		165ECC5D1F73A83800E32AA5 /* LoadingIndicatorView.swift in Sources */ = {isa = PBXBuildFile; fileRef = 165ECC5C1F73A83800E32AA5 /* LoadingIndicatorView.swift */; };
		165ECC5F1F73C10700E32AA5 /* GoogleService-Info.plist in Resources */ = {isa = PBXBuildFile; fileRef = 165ECC5E1F73C10700E32AA5 /* GoogleService-Info.plist */; };
		1664F4A31F74AB3000809C32 /* DrawerViewController.swift in Sources */ = {isa = PBXBuildFile; fileRef = 1664F4A21F74AB3000809C32 /* DrawerViewController.swift */; };
		1664F4B51F74E3F100809C32 /* Login.storyboard in Resources */ = {isa = PBXBuildFile; fileRef = 1664F4B41F74E3F100809C32 /* Login.storyboard */; };
		1664F4B71F74E5BB00809C32 /* ParentViewController.swift in Sources */ = {isa = PBXBuildFile; fileRef = 1664F4B61F74E5BB00809C32 /* ParentViewController.swift */; };
		1664F4BD1F75123C00809C32 /* TabBarViewController.swift in Sources */ = {isa = PBXBuildFile; fileRef = 1664F4BC1F75123C00809C32 /* TabBarViewController.swift */; };
		166BDF401F860DD200274C6C /* LightStatusBarViewController.swift in Sources */ = {isa = PBXBuildFile; fileRef = 166BDF3F1F860DD200274C6C /* LightStatusBarViewController.swift */; };
		166BDF421F860E7900274C6C /* SplashViewController.swift in Sources */ = {isa = PBXBuildFile; fileRef = 166BDF411F860E7900274C6C /* SplashViewController.swift */; };
		169C71CB1F66AFEF00B5D786 /* Constant.swift in Sources */ = {isa = PBXBuildFile; fileRef = 169C71CA1F66AFEF00B5D786 /* Constant.swift */; };
		16CEB89E1F72AF0400ADBC1F /* SignUpViewController.swift in Sources */ = {isa = PBXBuildFile; fileRef = 16CEB89D1F72AF0400ADBC1F /* SignUpViewController.swift */; };
		16CEB8A01F72AFC300ADBC1F /* BackButtonViewController.swift in Sources */ = {isa = PBXBuildFile; fileRef = 16CEB89F1F72AFC300ADBC1F /* BackButtonViewController.swift */; };
		16CEB8A21F72B34F00ADBC1F /* CustomTitleNavigationViewController.swift in Sources */ = {isa = PBXBuildFile; fileRef = 16CEB8A11F72B34F00ADBC1F /* CustomTitleNavigationViewController.swift */; };
		16D439651F66A9B300FF5878 /* Logger.swift in Sources */ = {isa = PBXBuildFile; fileRef = 16D439641F66A9B300FF5878 /* Logger.swift */; };
		16D439681F66AC8200FF5878 /* Point.swift in Sources */ = {isa = PBXBuildFile; fileRef = 16D439671F66AC8200FF5878 /* Point.swift */; };
		16FC10211F695C58008A6A92 /* CanvasView.swift in Sources */ = {isa = PBXBuildFile; fileRef = 16FC10201F695C58008A6A92 /* CanvasView.swift */; };
		16FC10241F6963B3008A6A92 /* ViewExtension.swift in Sources */ = {isa = PBXBuildFile; fileRef = 16FC10231F6963B3008A6A92 /* ViewExtension.swift */; };
		C48327DB3369377881C37AFE /* Pods_BonnieDraw.framework in Frameworks */ = {isa = PBXBuildFile; fileRef = 0E3A98691CFA6F344DA806E4 /* Pods_BonnieDraw.framework */; };
/* End PBXBuildFile section */

/* Begin PBXFileReference section */
		0E3A98691CFA6F344DA806E4 /* Pods_BonnieDraw.framework */ = {isa = PBXFileReference; explicitFileType = wrapper.framework; includeInIndex = 0; path = Pods_BonnieDraw.framework; sourceTree = BUILT_PRODUCTS_DIR; };
		16076EB91F7CA142009E1E49 /* SizePickerViewController.swift */ = {isa = PBXFileReference; lastKnownFileType = sourcecode.swift; path = SizePickerViewController.swift; sourceTree = "<group>"; };
		16076EBB1F7CA1EF009E1E49 /* SizePickerTableViewCell.swift */ = {isa = PBXFileReference; lastKnownFileType = sourcecode.swift; path = SizePickerTableViewCell.swift; sourceTree = "<group>"; };
		16083DD61F7E75F0008BBB4B /* NotificationViewController.swift */ = {isa = PBXFileReference; fileEncoding = 4; lastKnownFileType = sourcecode.swift; path = NotificationViewController.swift; sourceTree = "<group>"; };
		16332A221F7F3048007857E3 /* SaveViewController.swift */ = {isa = PBXFileReference; lastKnownFileType = sourcecode.swift; path = SaveViewController.swift; sourceTree = "<group>"; };
		16366AE11F7A0AA300E5799B /* HomeViewController.swift */ = {isa = PBXFileReference; lastKnownFileType = sourcecode.swift; path = HomeViewController.swift; sourceTree = "<group>"; };
		16366AE41F7A131200E5799B /* HomeTableViewCell.swift */ = {isa = PBXFileReference; lastKnownFileType = sourcecode.swift; path = HomeTableViewCell.swift; sourceTree = "<group>"; };
		16366AE61F7A39EC00E5799B /* ImageViewExtension.swift */ = {isa = PBXFileReference; fileEncoding = 4; lastKnownFileType = sourcecode.swift; path = ImageViewExtension.swift; sourceTree = "<group>"; };
		163906FD1F6C083300E5717A /* SignInViewController.swift */ = {isa = PBXFileReference; fileEncoding = 4; lastKnownFileType = sourcecode.swift; path = SignInViewController.swift; sourceTree = "<group>"; };
		163906FF1F6C0A4E00E5717A /* TitleView.xib */ = {isa = PBXFileReference; fileEncoding = 4; lastKnownFileType = file.xib; name = TitleView.xib; path = Base.lproj/TitleView.xib; sourceTree = "<group>"; };
		163907021F6C0BE400E5717A /* ApplicationExtension.swift */ = {isa = PBXFileReference; fileEncoding = 4; lastKnownFileType = sourcecode.swift; path = ApplicationExtension.swift; sourceTree = "<group>"; };
		163907031F6C0BE400E5717A /* BundleExtension.swift */ = {isa = PBXFileReference; fileEncoding = 4; lastKnownFileType = sourcecode.swift; path = BundleExtension.swift; sourceTree = "<group>"; };
		163F65A71F61663800945E04 /* BonnieDraw.app */ = {isa = PBXFileReference; explicitFileType = wrapper.application; includeInIndex = 0; path = BonnieDraw.app; sourceTree = BUILT_PRODUCTS_DIR; };
		163F65AA1F61663800945E04 /* AppDelegate.swift */ = {isa = PBXFileReference; lastKnownFileType = sourcecode.swift; path = AppDelegate.swift; sourceTree = "<group>"; };
		163F65AF1F61663900945E04 /* Base */ = {isa = PBXFileReference; lastKnownFileType = file.storyboard; name = Base; path = Base.lproj/Main.storyboard; sourceTree = "<group>"; };
		163F65B11F61663900945E04 /* Assets.xcassets */ = {isa = PBXFileReference; lastKnownFileType = folder.assetcatalog; path = Assets.xcassets; sourceTree = "<group>"; };
		163F65B41F61663900945E04 /* Base */ = {isa = PBXFileReference; lastKnownFileType = file.storyboard; name = Base; path = Base.lproj/LaunchScreen.storyboard; sourceTree = "<group>"; };
		163F65B61F61663900945E04 /* Info.plist */ = {isa = PBXFileReference; lastKnownFileType = text.plist.xml; path = Info.plist; sourceTree = "<group>"; };
		163F65BE1F616C4F00945E04 /* CanvasViewController.swift */ = {isa = PBXFileReference; fileEncoding = 4; lastKnownFileType = sourcecode.swift; path = CanvasViewController.swift; sourceTree = "<group>"; };
		164028E31F8719B20013AE6E /* Model.xcdatamodel */ = {isa = PBXFileReference; lastKnownFileType = wrapper.xcdatamodel; path = Model.xcdatamodel; sourceTree = "<group>"; };
		164028E91F871B8F0013AE6E /* CoreDataStack.swift */ = {isa = PBXFileReference; fileEncoding = 4; lastKnownFileType = sourcecode.swift; path = CoreDataStack.swift; sourceTree = "<group>"; };
		164028EB1F8753A80013AE6E /* CategoryViewController.swift */ = {isa = PBXFileReference; lastKnownFileType = sourcecode.swift; path = CategoryViewController.swift; sourceTree = "<group>"; };
		164ED2471F7B376700E8B910 /* CollectionViewController.swift */ = {isa = PBXFileReference; lastKnownFileType = sourcecode.swift; path = CollectionViewController.swift; sourceTree = "<group>"; };
		164ED24C1F7B379200E8B910 /* AccountViewController.swift */ = {isa = PBXFileReference; lastKnownFileType = sourcecode.swift; path = AccountViewController.swift; sourceTree = "<group>"; };
		164ED24E1F7B414500E8B910 /* TableViewExtension.swift */ = {isa = PBXFileReference; fileEncoding = 4; lastKnownFileType = sourcecode.swift; path = TableViewExtension.swift; sourceTree = "<group>"; };
		164ED2501F7B517200E8B910 /* StatusBarBackgroundView.swift */ = {isa = PBXFileReference; fileEncoding = 4; lastKnownFileType = sourcecode.swift; path = StatusBarBackgroundView.swift; sourceTree = "<group>"; };
		164ED2521F7BA45E00E8B910 /* ColorPickerViewController.swift */ = {isa = PBXFileReference; lastKnownFileType = sourcecode.swift; path = ColorPickerViewController.swift; sourceTree = "<group>"; };
		165710FE1F6BAB63004A8DD8 /* Path.swift */ = {isa = PBXFileReference; fileEncoding = 4; lastKnownFileType = sourcecode.swift; path = Path.swift; sourceTree = "<group>"; };
		165ECC521F73947C00E32AA5 /* ForgetPasswordViewController.swift */ = {isa = PBXFileReference; lastKnownFileType = sourcecode.swift; path = ForgetPasswordViewController.swift; sourceTree = "<group>"; };
		165ECC541F73A40600E32AA5 /* ViewControllerExtension.swift */ = {isa = PBXFileReference; fileEncoding = 4; lastKnownFileType = sourcecode.swift; path = ViewControllerExtension.swift; sourceTree = "<group>"; };
		165ECC561F73A46200E32AA5 /* ColorExtension.swift */ = {isa = PBXFileReference; fileEncoding = 4; lastKnownFileType = sourcecode.swift; path = ColorExtension.swift; sourceTree = "<group>"; };
		165ECC581F73A47C00E32AA5 /* StringExtension.swift */ = {isa = PBXFileReference; fileEncoding = 4; lastKnownFileType = sourcecode.swift; path = StringExtension.swift; sourceTree = "<group>"; };
		165ECC5A1F73A72400E32AA5 /* RestClient.swift */ = {isa = PBXFileReference; fileEncoding = 4; lastKnownFileType = sourcecode.swift; path = RestClient.swift; sourceTree = "<group>"; };
		165ECC5C1F73A83800E32AA5 /* LoadingIndicatorView.swift */ = {isa = PBXFileReference; fileEncoding = 4; lastKnownFileType = sourcecode.swift; path = LoadingIndicatorView.swift; sourceTree = "<group>"; };
		165ECC5E1F73C10700E32AA5 /* GoogleService-Info.plist */ = {isa = PBXFileReference; fileEncoding = 4; lastKnownFileType = text.plist.xml; path = "GoogleService-Info.plist"; sourceTree = "<group>"; };
		1664F4A21F74AB3000809C32 /* DrawerViewController.swift */ = {isa = PBXFileReference; lastKnownFileType = sourcecode.swift; path = DrawerViewController.swift; sourceTree = "<group>"; };
		1664F4A91F74AD9200809C32 /* Base */ = {isa = PBXFileReference; lastKnownFileType = text.plist.strings; name = Base; path = Base.lproj/Localizable.strings; sourceTree = "<group>"; };
		1664F4AF1F74B2EF00809C32 /* BonnieDraw-Bridging-Header.h */ = {isa = PBXFileReference; lastKnownFileType = sourcecode.c.h; path = "BonnieDraw-Bridging-Header.h"; sourceTree = "<group>"; };
		1664F4B41F74E3F100809C32 /* Login.storyboard */ = {isa = PBXFileReference; lastKnownFileType = file.storyboard; name = Login.storyboard; path = Base.lproj/Login.storyboard; sourceTree = "<group>"; };
		1664F4B61F74E5BB00809C32 /* ParentViewController.swift */ = {isa = PBXFileReference; lastKnownFileType = sourcecode.swift; path = ParentViewController.swift; sourceTree = "<group>"; };
		1664F4BC1F75123C00809C32 /* TabBarViewController.swift */ = {isa = PBXFileReference; lastKnownFileType = sourcecode.swift; path = TabBarViewController.swift; sourceTree = "<group>"; };
		166BDF3F1F860DD200274C6C /* LightStatusBarViewController.swift */ = {isa = PBXFileReference; lastKnownFileType = sourcecode.swift; path = LightStatusBarViewController.swift; sourceTree = "<group>"; };
		166BDF411F860E7900274C6C /* SplashViewController.swift */ = {isa = PBXFileReference; lastKnownFileType = sourcecode.swift; path = SplashViewController.swift; sourceTree = "<group>"; };
		169C71CA1F66AFEF00B5D786 /* Constant.swift */ = {isa = PBXFileReference; fileEncoding = 4; lastKnownFileType = sourcecode.swift; path = Constant.swift; sourceTree = "<group>"; };
		16CEB89D1F72AF0400ADBC1F /* SignUpViewController.swift */ = {isa = PBXFileReference; lastKnownFileType = sourcecode.swift; path = SignUpViewController.swift; sourceTree = "<group>"; };
		16CEB89F1F72AFC300ADBC1F /* BackButtonViewController.swift */ = {isa = PBXFileReference; fileEncoding = 4; lastKnownFileType = sourcecode.swift; path = BackButtonViewController.swift; sourceTree = "<group>"; };
		16CEB8A11F72B34F00ADBC1F /* CustomTitleNavigationViewController.swift */ = {isa = PBXFileReference; lastKnownFileType = sourcecode.swift; path = CustomTitleNavigationViewController.swift; sourceTree = "<group>"; };
		16D439641F66A9B300FF5878 /* Logger.swift */ = {isa = PBXFileReference; fileEncoding = 4; lastKnownFileType = sourcecode.swift; path = Logger.swift; sourceTree = "<group>"; };
		16D439671F66AC8200FF5878 /* Point.swift */ = {isa = PBXFileReference; fileEncoding = 4; lastKnownFileType = sourcecode.swift; path = Point.swift; sourceTree = "<group>"; };
		16FC10201F695C58008A6A92 /* CanvasView.swift */ = {isa = PBXFileReference; fileEncoding = 4; lastKnownFileType = sourcecode.swift; path = CanvasView.swift; sourceTree = "<group>"; };
		16FC10231F6963B3008A6A92 /* ViewExtension.swift */ = {isa = PBXFileReference; fileEncoding = 4; lastKnownFileType = sourcecode.swift; path = ViewExtension.swift; sourceTree = "<group>"; };
		388AE756E7807DDA04B29841 /* Pods-BonnieDraw.release.xcconfig */ = {isa = PBXFileReference; includeInIndex = 1; lastKnownFileType = text.xcconfig; name = "Pods-BonnieDraw.release.xcconfig"; path = "Pods/Target Support Files/Pods-BonnieDraw/Pods-BonnieDraw.release.xcconfig"; sourceTree = "<group>"; };
		F1E64C6A95DC11CFE0EF1A63 /* Pods-BonnieDraw.debug.xcconfig */ = {isa = PBXFileReference; includeInIndex = 1; lastKnownFileType = text.xcconfig; name = "Pods-BonnieDraw.debug.xcconfig"; path = "Pods/Target Support Files/Pods-BonnieDraw/Pods-BonnieDraw.debug.xcconfig"; sourceTree = "<group>"; };
/* End PBXFileReference section */

/* Begin PBXFrameworksBuildPhase section */
		163F65A41F61663800945E04 /* Frameworks */ = {
			isa = PBXFrameworksBuildPhase;
			buildActionMask = 2147483647;
			files = (
				C48327DB3369377881C37AFE /* Pods_BonnieDraw.framework in Frameworks */,
			);
			runOnlyForDeploymentPostprocessing = 0;
		};
/* End PBXFrameworksBuildPhase section */

/* Begin PBXGroup section */
		16366AE31F7A130400E5799B /* Cell */ = {
			isa = PBXGroup;
			children = (
				16366AE41F7A131200E5799B /* HomeTableViewCell.swift */,
				16076EBB1F7CA1EF009E1E49 /* SizePickerTableViewCell.swift */,
			);
			name = Cell;
			sourceTree = "<group>";
		};
		163F659E1F61663800945E04 = {
			isa = PBXGroup;
			children = (
				163F65A91F61663800945E04 /* BonnieDraw */,
				163F65A81F61663800945E04 /* Products */,
				F29E28AEB5FF0043D059DD98 /* Pods */,
				5855718FD158A460A32D8B77 /* Frameworks */,
			);
			sourceTree = "<group>";
		};
		163F65A81F61663800945E04 /* Products */ = {
			isa = PBXGroup;
			children = (
				163F65A71F61663800945E04 /* BonnieDraw.app */,
			);
			name = Products;
			sourceTree = "<group>";
		};
		163F65A91F61663800945E04 /* BonnieDraw */ = {
			isa = PBXGroup;
			children = (
				16366AE31F7A130400E5799B /* Cell */,
				16FC10221F695C62008A6A92 /* View */,
				16D439661F66AC6800FF5878 /* Model */,
				16D439611F66A97400FF5878 /* Utility */,
				163F65BD1F616C0A00945E04 /* Controller */,
				163F65BC1F61673100945E04 /* Resource */,
				1664F4AF1F74B2EF00809C32 /* BonnieDraw-Bridging-Header.h */,
				163F65AA1F61663800945E04 /* AppDelegate.swift */,
				169C71CA1F66AFEF00B5D786 /* Constant.swift */,
			);
			path = BonnieDraw;
			sourceTree = "<group>";
		};
		163F65BC1F61673100945E04 /* Resource */ = {
			isa = PBXGroup;
			children = (
				1664F4A81F74AD9200809C32 /* Localizable.strings */,
				165ECC5E1F73C10700E32AA5 /* GoogleService-Info.plist */,
				163F65B61F61663900945E04 /* Info.plist */,
				164028E21F8719B20013AE6E /* Model.xcdatamodeld */,
				163906FF1F6C0A4E00E5717A /* TitleView.xib */,
				1664F4B41F74E3F100809C32 /* Login.storyboard */,
				163F65AE1F61663900945E04 /* Main.storyboard */,
				163F65B31F61663900945E04 /* LaunchScreen.storyboard */,
				163F65B11F61663900945E04 /* Assets.xcassets */,
			);
			name = Resource;
			sourceTree = "<group>";
		};
		163F65BD1F616C0A00945E04 /* Controller */ = {
			isa = PBXGroup;
			children = (
				1664F4B81F74ED7700809C32 /* Login */,
				1664F4B91F74ED8C00809C32 /* Main */,
				16CEB89F1F72AFC300ADBC1F /* BackButtonViewController.swift */,
				16CEB8A11F72B34F00ADBC1F /* CustomTitleNavigationViewController.swift */,
			);
			name = Controller;
			sourceTree = "<group>";
		};
		1664F4B81F74ED7700809C32 /* Login */ = {
			isa = PBXGroup;
			children = (
				165ECC521F73947C00E32AA5 /* ForgetPasswordViewController.swift */,
				163906FD1F6C083300E5717A /* SignInViewController.swift */,
				16CEB89D1F72AF0400ADBC1F /* SignUpViewController.swift */,
			);
			name = Login;
			sourceTree = "<group>";
		};
		1664F4B91F74ED8C00809C32 /* Main */ = {
			isa = PBXGroup;
			children = (
				16083DD61F7E75F0008BBB4B /* NotificationViewController.swift */,
				16366AE11F7A0AA300E5799B /* HomeViewController.swift */,
				1664F4B61F74E5BB00809C32 /* ParentViewController.swift */,
				163F65BE1F616C4F00945E04 /* CanvasViewController.swift */,
				1664F4A21F74AB3000809C32 /* DrawerViewController.swift */,
				1664F4BC1F75123C00809C32 /* TabBarViewController.swift */,
				164ED2471F7B376700E8B910 /* CollectionViewController.swift */,
				164ED24C1F7B379200E8B910 /* AccountViewController.swift */,
				164ED2521F7BA45E00E8B910 /* ColorPickerViewController.swift */,
				16076EB91F7CA142009E1E49 /* SizePickerViewController.swift */,
				16332A221F7F3048007857E3 /* SaveViewController.swift */,
				166BDF3F1F860DD200274C6C /* LightStatusBarViewController.swift */,
				166BDF411F860E7900274C6C /* SplashViewController.swift */,
				164028EB1F8753A80013AE6E /* CategoryViewController.swift */,
			);
			name = Main;
			sourceTree = "<group>";
		};
		16D439611F66A97400FF5878 /* Utility */ = {
			isa = PBXGroup;
			children = (
				164028E91F871B8F0013AE6E /* CoreDataStack.swift */,
				164ED24E1F7B414500E8B910 /* TableViewExtension.swift */,
				16366AE61F7A39EC00E5799B /* ImageViewExtension.swift */,
				165ECC5A1F73A72400E32AA5 /* RestClient.swift */,
				165ECC581F73A47C00E32AA5 /* StringExtension.swift */,
				165ECC561F73A46200E32AA5 /* ColorExtension.swift */,
				165ECC541F73A40600E32AA5 /* ViewControllerExtension.swift */,
				163907021F6C0BE400E5717A /* ApplicationExtension.swift */,
				163907031F6C0BE400E5717A /* BundleExtension.swift */,
				16FC10231F6963B3008A6A92 /* ViewExtension.swift */,
				16D439641F66A9B300FF5878 /* Logger.swift */,
			);
			name = Utility;
			sourceTree = "<group>";
		};
		16D439661F66AC6800FF5878 /* Model */ = {
			isa = PBXGroup;
			children = (
				16D439671F66AC8200FF5878 /* Point.swift */,
				165710FE1F6BAB63004A8DD8 /* Path.swift */,
			);
			name = Model;
			sourceTree = "<group>";
		};
		16FC10221F695C62008A6A92 /* View */ = {
			isa = PBXGroup;
			children = (
				164ED2501F7B517200E8B910 /* StatusBarBackgroundView.swift */,
				165ECC5C1F73A83800E32AA5 /* LoadingIndicatorView.swift */,
				16FC10201F695C58008A6A92 /* CanvasView.swift */,
			);
			name = View;
			sourceTree = "<group>";
		};
		5855718FD158A460A32D8B77 /* Frameworks */ = {
			isa = PBXGroup;
			children = (
				0E3A98691CFA6F344DA806E4 /* Pods_BonnieDraw.framework */,
			);
			name = Frameworks;
			sourceTree = "<group>";
		};
		F29E28AEB5FF0043D059DD98 /* Pods */ = {
			isa = PBXGroup;
			children = (
				F1E64C6A95DC11CFE0EF1A63 /* Pods-BonnieDraw.debug.xcconfig */,
				388AE756E7807DDA04B29841 /* Pods-BonnieDraw.release.xcconfig */,
			);
			name = Pods;
			sourceTree = "<group>";
		};
/* End PBXGroup section */

/* Begin PBXNativeTarget section */
		163F65A61F61663800945E04 /* BonnieDraw */ = {
			isa = PBXNativeTarget;
			buildConfigurationList = 163F65B91F61663900945E04 /* Build configuration list for PBXNativeTarget "BonnieDraw" */;
			buildPhases = (
				4BDFC3806A1CEB7FA6FA26FD /* [CP] Check Pods Manifest.lock */,
				163F65A31F61663800945E04 /* Sources */,
				163F65A41F61663800945E04 /* Frameworks */,
				163F65A51F61663800945E04 /* Resources */,
				E582CE5F134C9329393F8078 /* [CP] Embed Pods Frameworks */,
				306D15DA829BDA6EC351F7D6 /* [CP] Copy Pods Resources */,
			);
			buildRules = (
			);
			dependencies = (
			);
			name = BonnieDraw;
			productName = BonnieDraw;
			productReference = 163F65A71F61663800945E04 /* BonnieDraw.app */;
			productType = "com.apple.product-type.application";
		};
/* End PBXNativeTarget section */

/* Begin PBXProject section */
		163F659F1F61663800945E04 /* Project object */ = {
			isa = PBXProject;
			attributes = {
				LastSwiftUpdateCheck = 0830;
				LastUpgradeCheck = 0900;
				ORGANIZATIONNAME = Professor;
				TargetAttributes = {
					163F65A61F61663800945E04 = {
						CreatedOnToolsVersion = 8.3.3;
						DevelopmentTeam = 3MMZ7UBHWG;
						LastSwiftMigration = 0900;
						ProvisioningStyle = Automatic;
					};
				};
			};
			buildConfigurationList = 163F65A21F61663800945E04 /* Build configuration list for PBXProject "BonnieDraw" */;
			compatibilityVersion = "Xcode 3.2";
			developmentRegion = English;
			hasScannedForEncodings = 0;
			knownRegions = (
				Base,
			);
			mainGroup = 163F659E1F61663800945E04;
			productRefGroup = 163F65A81F61663800945E04 /* Products */;
			projectDirPath = "";
			projectRoot = "";
			targets = (
				163F65A61F61663800945E04 /* BonnieDraw */,
			);
		};
/* End PBXProject section */

/* Begin PBXResourcesBuildPhase section */
		163F65A51F61663800945E04 /* Resources */ = {
			isa = PBXResourcesBuildPhase;
			buildActionMask = 2147483647;
			files = (
				162BEC1F1F7CCCBD00BB78BA /* Localizable.strings in Resources */,
				162BEC211F7CCCBD00BB78BA /* LaunchScreen.storyboard in Resources */,
				162BEC201F7CCCBD00BB78BA /* Main.storyboard in Resources */,
				1664F4B51F74E3F100809C32 /* Login.storyboard in Resources */,
				163907001F6C0A4E00E5717A /* TitleView.xib in Resources */,
				163F65B21F61663900945E04 /* Assets.xcassets in Resources */,
				165ECC5F1F73C10700E32AA5 /* GoogleService-Info.plist in Resources */,
			);
			runOnlyForDeploymentPostprocessing = 0;
		};
/* End PBXResourcesBuildPhase section */

/* Begin PBXShellScriptBuildPhase section */
		306D15DA829BDA6EC351F7D6 /* [CP] Copy Pods Resources */ = {
			isa = PBXShellScriptBuildPhase;
			buildActionMask = 2147483647;
			files = (
			);
			inputPaths = (
			);
			name = "[CP] Copy Pods Resources";
			outputPaths = (
			);
			runOnlyForDeploymentPostprocessing = 0;
			shellPath = /bin/sh;
			shellScript = "\"${SRCROOT}/Pods/Target Support Files/Pods-BonnieDraw/Pods-BonnieDraw-resources.sh\"\n";
			showEnvVarsInLog = 0;
		};
		4BDFC3806A1CEB7FA6FA26FD /* [CP] Check Pods Manifest.lock */ = {
			isa = PBXShellScriptBuildPhase;
			buildActionMask = 2147483647;
			files = (
			);
			inputPaths = (
			);
			name = "[CP] Check Pods Manifest.lock";
			outputPaths = (
			);
			runOnlyForDeploymentPostprocessing = 0;
			shellPath = /bin/sh;
			shellScript = "diff \"${PODS_PODFILE_DIR_PATH}/Podfile.lock\" \"${PODS_ROOT}/Manifest.lock\" > /dev/null\nif [ $? != 0 ] ; then\n    # print error to STDERR\n    echo \"error: The sandbox is not in sync with the Podfile.lock. Run 'pod install' or update your CocoaPods installation.\" >&2\n    exit 1\nfi\n";
			showEnvVarsInLog = 0;
		};
		E582CE5F134C9329393F8078 /* [CP] Embed Pods Frameworks */ = {
			isa = PBXShellScriptBuildPhase;
			buildActionMask = 2147483647;
			files = (
			);
			inputPaths = (
			);
			name = "[CP] Embed Pods Frameworks";
			outputPaths = (
			);
			runOnlyForDeploymentPostprocessing = 0;
			shellPath = /bin/sh;
			shellScript = "\"${SRCROOT}/Pods/Target Support Files/Pods-BonnieDraw/Pods-BonnieDraw-frameworks.sh\"\n";
			showEnvVarsInLog = 0;
		};
/* End PBXShellScriptBuildPhase section */

/* Begin PBXSourcesBuildPhase section */
		163F65A31F61663800945E04 /* Sources */ = {
			isa = PBXSourcesBuildPhase;
			buildActionMask = 2147483647;
			files = (
				164ED2481F7B376700E8B910 /* CollectionViewController.swift in Sources */,
				163907041F6C0BE400E5717A /* ApplicationExtension.swift in Sources */,
				16D439681F66AC8200FF5878 /* Point.swift in Sources */,
				163F65BF1F616C4F00945E04 /* CanvasViewController.swift in Sources */,
				166BDF421F860E7900274C6C /* SplashViewController.swift in Sources */,
				16076EBA1F7CA142009E1E49 /* SizePickerViewController.swift in Sources */,
				164028EA1F871B8F0013AE6E /* CoreDataStack.swift in Sources */,
				166BDF401F860DD200274C6C /* LightStatusBarViewController.swift in Sources */,
				165710FF1F6BAB63004A8DD8 /* Path.swift in Sources */,
				16332A231F7F3048007857E3 /* SaveViewController.swift in Sources */,
				1664F4B71F74E5BB00809C32 /* ParentViewController.swift in Sources */,
				165ECC551F73A40700E32AA5 /* ViewControllerExtension.swift in Sources */,
				16366AE71F7A39EC00E5799B /* ImageViewExtension.swift in Sources */,
				1664F4A31F74AB3000809C32 /* DrawerViewController.swift in Sources */,
				164ED24F1F7B414500E8B910 /* TableViewExtension.swift in Sources */,
				165ECC5B1F73A72500E32AA5 /* RestClient.swift in Sources */,
				16083DD71F7E75F0008BBB4B /* NotificationViewController.swift in Sources */,
				16FC10211F695C58008A6A92 /* CanvasView.swift in Sources */,
				164028E41F8719B20013AE6E /* Model.xcdatamodeld in Sources */,
				165ECC571F73A46200E32AA5 /* ColorExtension.swift in Sources */,
				164028EC1F8753A90013AE6E /* CategoryViewController.swift in Sources */,
				16FC10241F6963B3008A6A92 /* ViewExtension.swift in Sources */,
				16366AE51F7A131200E5799B /* HomeTableViewCell.swift in Sources */,
				16366AE21F7A0AA300E5799B /* HomeViewController.swift in Sources */,
				16CEB8A21F72B34F00ADBC1F /* CustomTitleNavigationViewController.swift in Sources */,
				165ECC531F73947C00E32AA5 /* ForgetPasswordViewController.swift in Sources */,
				165ECC5D1F73A83800E32AA5 /* LoadingIndicatorView.swift in Sources */,
				163906FE1F6C083300E5717A /* SignInViewController.swift in Sources */,
				164ED24D1F7B379200E8B910 /* AccountViewController.swift in Sources */,
				164ED2531F7BA45E00E8B910 /* ColorPickerViewController.swift in Sources */,
				1664F4BD1F75123C00809C32 /* TabBarViewController.swift in Sources */,
				169C71CB1F66AFEF00B5D786 /* Constant.swift in Sources */,
				16076EBC1F7CA1EF009E1E49 /* SizePickerTableViewCell.swift in Sources */,
				16D439651F66A9B300FF5878 /* Logger.swift in Sources */,
				163F65AB1F61663800945E04 /* AppDelegate.swift in Sources */,
				165ECC591F73A47D00E32AA5 /* StringExtension.swift in Sources */,
				16CEB89E1F72AF0400ADBC1F /* SignUpViewController.swift in Sources */,
				164ED2511F7B517200E8B910 /* StatusBarBackgroundView.swift in Sources */,
				163907051F6C0BE400E5717A /* BundleExtension.swift in Sources */,
				16CEB8A01F72AFC300ADBC1F /* BackButtonViewController.swift in Sources */,
			);
			runOnlyForDeploymentPostprocessing = 0;
		};
/* End PBXSourcesBuildPhase section */

/* Begin PBXVariantGroup section */
		163F65AE1F61663900945E04 /* Main.storyboard */ = {
			isa = PBXVariantGroup;
			children = (
				163F65AF1F61663900945E04 /* Base */,
			);
			name = Main.storyboard;
			sourceTree = "<group>";
		};
		163F65B31F61663900945E04 /* LaunchScreen.storyboard */ = {
			isa = PBXVariantGroup;
			children = (
				163F65B41F61663900945E04 /* Base */,
			);
			name = LaunchScreen.storyboard;
			sourceTree = "<group>";
		};
		1664F4A81F74AD9200809C32 /* Localizable.strings */ = {
			isa = PBXVariantGroup;
			children = (
				1664F4A91F74AD9200809C32 /* Base */,
			);
			name = Localizable.strings;
			sourceTree = "<group>";
		};
/* End PBXVariantGroup section */

/* Begin XCBuildConfiguration section */
		163F65B71F61663900945E04 /* Debug */ = {
			isa = XCBuildConfiguration;
			buildSettings = {
				ALWAYS_SEARCH_USER_PATHS = NO;
				CLANG_ANALYZER_NONNULL = YES;
				CLANG_ANALYZER_NUMBER_OBJECT_CONVERSION = YES_AGGRESSIVE;
				CLANG_CXX_LANGUAGE_STANDARD = "gnu++0x";
				CLANG_CXX_LIBRARY = "libc++";
				CLANG_ENABLE_MODULES = YES;
				CLANG_ENABLE_OBJC_ARC = YES;
				CLANG_WARN_BLOCK_CAPTURE_AUTORELEASING = YES;
				CLANG_WARN_BOOL_CONVERSION = YES;
				CLANG_WARN_COMMA = YES;
				CLANG_WARN_CONSTANT_CONVERSION = YES;
				CLANG_WARN_DIRECT_OBJC_ISA_USAGE = YES_ERROR;
				CLANG_WARN_DOCUMENTATION_COMMENTS = YES;
				CLANG_WARN_EMPTY_BODY = YES;
				CLANG_WARN_ENUM_CONVERSION = YES;
				CLANG_WARN_INFINITE_RECURSION = YES;
				CLANG_WARN_INT_CONVERSION = YES;
				CLANG_WARN_NON_LITERAL_NULL_CONVERSION = YES;
				CLANG_WARN_OBJC_LITERAL_CONVERSION = YES;
				CLANG_WARN_OBJC_ROOT_CLASS = YES_ERROR;
				CLANG_WARN_RANGE_LOOP_ANALYSIS = YES;
				CLANG_WARN_STRICT_PROTOTYPES = YES;
				CLANG_WARN_SUSPICIOUS_MOVE = YES;
				CLANG_WARN_UNREACHABLE_CODE = YES;
				CLANG_WARN__DUPLICATE_METHOD_MATCH = YES;
				"CODE_SIGN_IDENTITY[sdk=iphoneos*]" = "iPhone Developer";
				COPY_PHASE_STRIP = NO;
				DEBUG_INFORMATION_FORMAT = dwarf;
				ENABLE_STRICT_OBJC_MSGSEND = YES;
				ENABLE_TESTABILITY = YES;
				GCC_C_LANGUAGE_STANDARD = gnu99;
				GCC_DYNAMIC_NO_PIC = NO;
				GCC_NO_COMMON_BLOCKS = YES;
				GCC_OPTIMIZATION_LEVEL = 0;
				GCC_PREPROCESSOR_DEFINITIONS = (
					"DEBUG=1",
					"$(inherited)",
				);
				GCC_WARN_64_TO_32_BIT_CONVERSION = YES;
				GCC_WARN_ABOUT_RETURN_TYPE = YES_ERROR;
				GCC_WARN_UNDECLARED_SELECTOR = YES;
				GCC_WARN_UNINITIALIZED_AUTOS = YES_AGGRESSIVE;
				GCC_WARN_UNUSED_FUNCTION = YES;
				GCC_WARN_UNUSED_VARIABLE = YES;
				IPHONEOS_DEPLOYMENT_TARGET = 10.3;
				MTL_ENABLE_DEBUG_INFO = YES;
				ONLY_ACTIVE_ARCH = YES;
				SDKROOT = iphoneos;
				SWIFT_ACTIVE_COMPILATION_CONDITIONS = DEBUG;
				TARGETED_DEVICE_FAMILY = "1,2";
			};
			name = Debug;
		};
		163F65B81F61663900945E04 /* Release */ = {
			isa = XCBuildConfiguration;
			buildSettings = {
				ALWAYS_SEARCH_USER_PATHS = NO;
				CLANG_ANALYZER_NONNULL = YES;
				CLANG_ANALYZER_NUMBER_OBJECT_CONVERSION = YES_AGGRESSIVE;
				CLANG_CXX_LANGUAGE_STANDARD = "gnu++0x";
				CLANG_CXX_LIBRARY = "libc++";
				CLANG_ENABLE_MODULES = YES;
				CLANG_ENABLE_OBJC_ARC = YES;
				CLANG_WARN_BLOCK_CAPTURE_AUTORELEASING = YES;
				CLANG_WARN_BOOL_CONVERSION = YES;
				CLANG_WARN_COMMA = YES;
				CLANG_WARN_CONSTANT_CONVERSION = YES;
				CLANG_WARN_DIRECT_OBJC_ISA_USAGE = YES_ERROR;
				CLANG_WARN_DOCUMENTATION_COMMENTS = YES;
				CLANG_WARN_EMPTY_BODY = YES;
				CLANG_WARN_ENUM_CONVERSION = YES;
				CLANG_WARN_INFINITE_RECURSION = YES;
				CLANG_WARN_INT_CONVERSION = YES;
				CLANG_WARN_NON_LITERAL_NULL_CONVERSION = YES;
				CLANG_WARN_OBJC_LITERAL_CONVERSION = YES;
				CLANG_WARN_OBJC_ROOT_CLASS = YES_ERROR;
				CLANG_WARN_RANGE_LOOP_ANALYSIS = YES;
				CLANG_WARN_STRICT_PROTOTYPES = YES;
				CLANG_WARN_SUSPICIOUS_MOVE = YES;
				CLANG_WARN_UNREACHABLE_CODE = YES;
				CLANG_WARN__DUPLICATE_METHOD_MATCH = YES;
				"CODE_SIGN_IDENTITY[sdk=iphoneos*]" = "iPhone Developer";
				COPY_PHASE_STRIP = NO;
				DEBUG_INFORMATION_FORMAT = "dwarf-with-dsym";
				ENABLE_NS_ASSERTIONS = NO;
				ENABLE_STRICT_OBJC_MSGSEND = YES;
				GCC_C_LANGUAGE_STANDARD = gnu99;
				GCC_NO_COMMON_BLOCKS = YES;
				GCC_WARN_64_TO_32_BIT_CONVERSION = YES;
				GCC_WARN_ABOUT_RETURN_TYPE = YES_ERROR;
				GCC_WARN_UNDECLARED_SELECTOR = YES;
				GCC_WARN_UNINITIALIZED_AUTOS = YES_AGGRESSIVE;
				GCC_WARN_UNUSED_FUNCTION = YES;
				GCC_WARN_UNUSED_VARIABLE = YES;
				IPHONEOS_DEPLOYMENT_TARGET = 10.3;
				MTL_ENABLE_DEBUG_INFO = NO;
				SDKROOT = iphoneos;
				TARGETED_DEVICE_FAMILY = "1,2";
				VALIDATE_PRODUCT = YES;
			};
			name = Release;
		};
		163F65BA1F61663900945E04 /* Debug */ = {
			isa = XCBuildConfiguration;
			baseConfigurationReference = F1E64C6A95DC11CFE0EF1A63 /* Pods-BonnieDraw.debug.xcconfig */;
			buildSettings = {
				ASSETCATALOG_COMPILER_APPICON_NAME = AppIcon;
				CLANG_ENABLE_MODULES = YES;
				DEVELOPMENT_TEAM = 3MMZ7UBHWG;
				INFOPLIST_FILE = BonnieDraw/Info.plist;
				LD_RUNPATH_SEARCH_PATHS = "$(inherited) @executable_path/Frameworks";
				PRODUCT_BUNDLE_IDENTIFIER = com.sctw.bonniedraw;
				PRODUCT_NAME = "$(TARGET_NAME)";
				SWIFT_OBJC_BRIDGING_HEADER = "BonnieDraw/BonnieDraw-Bridging-Header.h";
				SWIFT_OPTIMIZATION_LEVEL = "-Onone";
				SWIFT_SWIFT3_OBJC_INFERENCE = On;
				SWIFT_VERSION = 4.0;
			};
			name = Debug;
		};
		163F65BB1F61663900945E04 /* Release */ = {
			isa = XCBuildConfiguration;
			baseConfigurationReference = 388AE756E7807DDA04B29841 /* Pods-BonnieDraw.release.xcconfig */;
			buildSettings = {
				ASSETCATALOG_COMPILER_APPICON_NAME = AppIcon;
				CLANG_ENABLE_MODULES = YES;
				DEVELOPMENT_TEAM = 3MMZ7UBHWG;
				INFOPLIST_FILE = BonnieDraw/Info.plist;
				LD_RUNPATH_SEARCH_PATHS = "$(inherited) @executable_path/Frameworks";
				PRODUCT_BUNDLE_IDENTIFIER = com.sctw.bonniedraw;
				PRODUCT_NAME = "$(TARGET_NAME)";
				SWIFT_OBJC_BRIDGING_HEADER = "BonnieDraw/BonnieDraw-Bridging-Header.h";
				SWIFT_OPTIMIZATION_LEVEL = "-Onone";
				SWIFT_SWIFT3_OBJC_INFERENCE = On;
				SWIFT_VERSION = 4.0;
			};
			name = Release;
		};
/* End XCBuildConfiguration section */

/* Begin XCConfigurationList section */
		163F65A21F61663800945E04 /* Build configuration list for PBXProject "BonnieDraw" */ = {
			isa = XCConfigurationList;
			buildConfigurations = (
				163F65B71F61663900945E04 /* Debug */,
				163F65B81F61663900945E04 /* Release */,
			);
			defaultConfigurationIsVisible = 0;
			defaultConfigurationName = Release;
		};
		163F65B91F61663900945E04 /* Build configuration list for PBXNativeTarget "BonnieDraw" */ = {
			isa = XCConfigurationList;
			buildConfigurations = (
				163F65BA1F61663900945E04 /* Debug */,
				163F65BB1F61663900945E04 /* Release */,
			);
			defaultConfigurationIsVisible = 0;
			defaultConfigurationName = Release;
		};
/* End XCConfigurationList section */

/* Begin XCVersionGroup section */
		164028E21F8719B20013AE6E /* Model.xcdatamodeld */ = {
			isa = XCVersionGroup;
			children = (
				164028E31F8719B20013AE6E /* Model.xcdatamodel */,
			);
			currentVersion = 164028E31F8719B20013AE6E /* Model.xcdatamodel */;
			path = Model.xcdatamodeld;
			sourceTree = "<group>";
			versionGroupType = wrapper.xcdatamodel;
		};
/* End XCVersionGroup section */
	};
	rootObject = 163F659F1F61663800945E04 /* Project object */;
}
