// !$*UTF8*$!
{
	archiveVersion = 1;
	classes = {
	};
	objectVersion = 46;
	objects = {

/* Begin PBXBuildFile section */
		16076EBA1F7CA142009E1E49 /* SizePickerViewController.swift in Sources */ = {isa = PBXBuildFile; fileRef = 16076EB91F7CA142009E1E49 /* SizePickerViewController.swift */; };
		16083DD71F7E75F0008BBB4B /* NotificationViewController.swift in Sources */ = {isa = PBXBuildFile; fileRef = 16083DD61F7E75F0008BBB4B /* NotificationViewController.swift */; };
		16109CCB1F96E96D000864DB /* AccountFooterCollectionReusableView.swift in Sources */ = {isa = PBXBuildFile; fileRef = 16109CCA1F96E96D000864DB /* AccountFooterCollectionReusableView.swift */; };
		16185C7D1F94A13F008F0840 /* WorkViewController.swift in Sources */ = {isa = PBXBuildFile; fileRef = 16185C7C1F94A13F008F0840 /* WorkViewController.swift */; };
		16185C7F1F94A264008F0840 /* Work.swift in Sources */ = {isa = PBXBuildFile; fileRef = 16185C7E1F94A264008F0840 /* Work.swift */; };
		1619E9401FEA88C6009CFE08 /* HomeBarBackgroundView.swift in Sources */ = {isa = PBXBuildFile; fileRef = 1619E93F1FEA88C6009CFE08 /* HomeBarBackgroundView.swift */; };
		162AC4AB1F95FCED00FA26C9 /* AccountGridCollectionViewCell.swift in Sources */ = {isa = PBXBuildFile; fileRef = 162AC4AA1F95FCED00FA26C9 /* AccountGridCollectionViewCell.swift */; };
		162BEC1F1F7CCCBD00BB78BA /* Localizable.strings in Resources */ = {isa = PBXBuildFile; fileRef = 1664F4A81F74AD9200809C32 /* Localizable.strings */; };
		162BEC201F7CCCBD00BB78BA /* Main.storyboard in Resources */ = {isa = PBXBuildFile; fileRef = 163F65AE1F61663900945E04 /* Main.storyboard */; };
		162BEC211F7CCCBD00BB78BA /* LaunchScreen.storyboard in Resources */ = {isa = PBXBuildFile; fileRef = 163F65B31F61663900945E04 /* LaunchScreen.storyboard */; };
		16303BA61FD147A400C42783 /* JotUI.framework in Frameworks */ = {isa = PBXBuildFile; fileRef = 16303BA71FD147A400C42783 /* JotUI.framework */; };
		16303BA91FD1494E00C42783 /* Brush.swift in Sources */ = {isa = PBXBuildFile; fileRef = 16303BA81FD1494E00C42783 /* Brush.swift */; };
		16303BB01FD14D0E00C42783 /* quad.vsh in Resources */ = {isa = PBXBuildFile; fileRef = 16303BAA1FD14D0C00C42783 /* quad.vsh */; };
		16303BB11FD14D0E00C42783 /* colorlesspoint.vsh in Resources */ = {isa = PBXBuildFile; fileRef = 16303BAB1FD14D0D00C42783 /* colorlesspoint.vsh */; };
		16303BB21FD14D0E00C42783 /* quad.fsh in Resources */ = {isa = PBXBuildFile; fileRef = 16303BAC1FD14D0D00C42783 /* quad.fsh */; };
		16303BB31FD14D0E00C42783 /* stencil.fsh in Resources */ = {isa = PBXBuildFile; fileRef = 16303BAD1FD14D0D00C42783 /* stencil.fsh */; };
		16303BB41FD14D0E00C42783 /* point.fsh in Resources */ = {isa = PBXBuildFile; fileRef = 16303BAE1FD14D0D00C42783 /* point.fsh */; };
		16303BB51FD14D0E00C42783 /* coloredpoint.vsh in Resources */ = {isa = PBXBuildFile; fileRef = 16303BAF1FD14D0D00C42783 /* coloredpoint.vsh */; };
		163174711FF0E661001F7A99 /* ButtonExtension.swift in Sources */ = {isa = PBXBuildFile; fileRef = 163174701FF0E661001F7A99 /* ButtonExtension.swift */; };
		16332A231F7F3048007857E3 /* UploadViewController.swift in Sources */ = {isa = PBXBuildFile; fileRef = 16332A221F7F3048007857E3 /* UploadViewController.swift */; };
		1633C0651F9ED4410039E7F6 /* WebViewController.swift in Sources */ = {isa = PBXBuildFile; fileRef = 1633C0641F9ED4400039E7F6 /* WebViewController.swift */; };
		16353D481FCDA57200482807 /* BrushPickerCollectionViewCell.swift in Sources */ = {isa = PBXBuildFile; fileRef = 16353D471FCDA57200482807 /* BrushPickerCollectionViewCell.swift */; };
		16353D4A1FCDA61C00482807 /* BrushPickerViewController.swift in Sources */ = {isa = PBXBuildFile; fileRef = 16353D491FCDA61C00482807 /* BrushPickerViewController.swift */; };
		16366AE21F7A0AA300E5799B /* HomeViewController.swift in Sources */ = {isa = PBXBuildFile; fileRef = 16366AE11F7A0AA300E5799B /* HomeViewController.swift */; };
		16366AE51F7A131200E5799B /* HomeTableViewCell.swift in Sources */ = {isa = PBXBuildFile; fileRef = 16366AE41F7A131200E5799B /* HomeTableViewCell.swift */; };
		16366AE71F7A39EC00E5799B /* ImageViewExtension.swift in Sources */ = {isa = PBXBuildFile; fileRef = 16366AE61F7A39EC00E5799B /* ImageViewExtension.swift */; };
		16369FFC1FB2A43600C7C8BC /* TabNavigationControllerAnimator.swift in Sources */ = {isa = PBXBuildFile; fileRef = 16369FFB1FB2A43600C7C8BC /* TabNavigationControllerAnimator.swift */; };
		16369FFE1FB2A60300C7C8BC /* TabNavigationControllerDelegate.swift in Sources */ = {isa = PBXBuildFile; fileRef = 16369FFD1FB2A60300C7C8BC /* TabNavigationControllerDelegate.swift */; };
		16386DD61FAC019A00DFE2E5 /* DataConverter.swift in Sources */ = {isa = PBXBuildFile; fileRef = 16386DD51FAC019A00DFE2E5 /* DataConverter.swift */; };
		163906FE1F6C083300E5717A /* SignInViewController.swift in Sources */ = {isa = PBXBuildFile; fileRef = 163906FD1F6C083300E5717A /* SignInViewController.swift */; };
		163907041F6C0BE400E5717A /* ApplicationExtension.swift in Sources */ = {isa = PBXBuildFile; fileRef = 163907021F6C0BE400E5717A /* ApplicationExtension.swift */; };
		163907051F6C0BE400E5717A /* BundleExtension.swift in Sources */ = {isa = PBXBuildFile; fileRef = 163907031F6C0BE400E5717A /* BundleExtension.swift */; };
		163A5E1F1FA0275200FE70BD /* FollowBarItem.swift in Sources */ = {isa = PBXBuildFile; fileRef = 163A5E1E1FA0275200FE70BD /* FollowBarItem.swift */; };
		163A5E251FA061F100FE70BD /* FollowTableViewCell.swift in Sources */ = {isa = PBXBuildFile; fileRef = 163A5E241FA061F100FE70BD /* FollowTableViewCell.swift */; };
		163A5E271FA062D500FE70BD /* FollowButton.swift in Sources */ = {isa = PBXBuildFile; fileRef = 163A5E261FA062D500FE70BD /* FollowButton.swift */; };
		163DDF3E1FC5526D0052DF80 /* NotificationTableViewCell.swift in Sources */ = {isa = PBXBuildFile; fileRef = 163DDF3D1FC5526D0052DF80 /* NotificationTableViewCell.swift */; };
		163DDF401FC566F40052DF80 /* Profile.swift in Sources */ = {isa = PBXBuildFile; fileRef = 163DDF3F1FC566F40052DF80 /* Profile.swift */; };
		163EAEDA1FD64435003109B3 /* Marker.png in Resources */ = {isa = PBXBuildFile; fileRef = 163EAED61FD64435003109B3 /* Marker.png */; };
		163EAEDB1FD64435003109B3 /* Pencil.png in Resources */ = {isa = PBXBuildFile; fileRef = 163EAED71FD64435003109B3 /* Pencil.png */; };
		163EAEDC1FD64435003109B3 /* Airbrush.png in Resources */ = {isa = PBXBuildFile; fileRef = 163EAED81FD64435003109B3 /* Airbrush.png */; };
		163EAEDD1FD64435003109B3 /* Crayon.png in Resources */ = {isa = PBXBuildFile; fileRef = 163EAED91FD64435003109B3 /* Crayon.png */; };
		163F65AB1F61663800945E04 /* AppDelegate.swift in Sources */ = {isa = PBXBuildFile; fileRef = 163F65AA1F61663800945E04 /* AppDelegate.swift */; };
		163F65B21F61663900945E04 /* Assets.xcassets in Resources */ = {isa = PBXBuildFile; fileRef = 163F65B11F61663900945E04 /* Assets.xcassets */; };
		163F65BF1F616C4F00945E04 /* CanvasViewController.swift in Sources */ = {isa = PBXBuildFile; fileRef = 163F65BE1F616C4F00945E04 /* CanvasViewController.swift */; };
		1645CE151FFE5211002AC2FD /* GoogleService-Info.plist in Resources */ = {isa = PBXBuildFile; fileRef = 1645CE141FFE5210002AC2FD /* GoogleService-Info.plist */; };
		16492BD21F972ABB00E45D96 /* TextFieldExtension.swift in Sources */ = {isa = PBXBuildFile; fileRef = 16492BD11F972ABB00E45D96 /* TextFieldExtension.swift */; };
		164985A11FF79F1F00A1B00E /* WindowExtension.swift in Sources */ = {isa = PBXBuildFile; fileRef = 164985A01FF79F1F00A1B00E /* WindowExtension.swift */; };
		1649F2701FD7A09200B90A1E /* CanvasAnimationViewController.swift in Sources */ = {isa = PBXBuildFile; fileRef = 1649F26F1FD7A09200B90A1E /* CanvasAnimationViewController.swift */; };
		1649F2721FD7A0E000B90A1E /* Drawing.storyboard in Resources */ = {isa = PBXBuildFile; fileRef = 1649F2711FD7A0E000B90A1E /* Drawing.storyboard */; };
		1649F2741FD7A43A00B90A1E /* LightStatusBarViewController.swift in Sources */ = {isa = PBXBuildFile; fileRef = 1649F2731FD7A43A00B90A1E /* LightStatusBarViewController.swift */; };
		164AEC241FC69CCF00542354 /* ViewControllerExtension.swift in Sources */ = {isa = PBXBuildFile; fileRef = 164AEC231FC69CCE00542354 /* ViewControllerExtension.swift */; };
		164CA76C1F99E24C007F9374 /* AccountListCollectionViewCell.swift in Sources */ = {isa = PBXBuildFile; fileRef = 164CA76B1F99E24C007F9374 /* AccountListCollectionViewCell.swift */; };
		164ED24D1F7B379200E8B910 /* AccountViewController.swift in Sources */ = {isa = PBXBuildFile; fileRef = 164ED24C1F7B379200E8B910 /* AccountViewController.swift */; };
		164ED24F1F7B414500E8B910 /* TableViewExtension.swift in Sources */ = {isa = PBXBuildFile; fileRef = 164ED24E1F7B414500E8B910 /* TableViewExtension.swift */; };
		164ED2531F7BA45E00E8B910 /* ColorPickerViewController.swift in Sources */ = {isa = PBXBuildFile; fileRef = 164ED2521F7BA45E00E8B910 /* ColorPickerViewController.swift */; };
		164F84661FC6643500A8E770 /* User.swift in Sources */ = {isa = PBXBuildFile; fileRef = 164F84651FC6643500A8E770 /* User.swift */; };
		165710FF1F6BAB63004A8DD8 /* Path.swift in Sources */ = {isa = PBXBuildFile; fileRef = 165710FE1F6BAB63004A8DD8 /* Path.swift */; };
		165996DA1FB4429200AAE7B3 /* SaturationBrightnessView.swift in Sources */ = {isa = PBXBuildFile; fileRef = 165996D81FB4429200AAE7B3 /* SaturationBrightnessView.swift */; };
		165996DB1FB4429200AAE7B3 /* HueView.swift in Sources */ = {isa = PBXBuildFile; fileRef = 165996D91FB4429200AAE7B3 /* HueView.swift */; };
		165A95981FDA3F2600970CE7 /* Texture.png in Resources */ = {isa = PBXBuildFile; fileRef = 165A95971FDA3F2600970CE7 /* Texture.png */; };
		165E1B5B1F9DDFA80050A7BB /* SettingViewController.swift in Sources */ = {isa = PBXBuildFile; fileRef = 165E1B5A1F9DDFA80050A7BB /* SettingViewController.swift */; };
		165E1B5D1F9DE4920050A7BB /* PasswordViewController.swift in Sources */ = {isa = PBXBuildFile; fileRef = 165E1B5C1F9DE4920050A7BB /* PasswordViewController.swift */; };
		165E1B5F1F9DE49F0050A7BB /* LanguageViewController.swift in Sources */ = {isa = PBXBuildFile; fileRef = 165E1B5E1F9DE49F0050A7BB /* LanguageViewController.swift */; };
		165ECC531F73947C00E32AA5 /* ForgetPasswordViewController.swift in Sources */ = {isa = PBXBuildFile; fileRef = 165ECC521F73947C00E32AA5 /* ForgetPasswordViewController.swift */; };
		165ECC571F73A46200E32AA5 /* ColorExtension.swift in Sources */ = {isa = PBXBuildFile; fileRef = 165ECC561F73A46200E32AA5 /* ColorExtension.swift */; };
		165ECC591F73A47D00E32AA5 /* StringExtension.swift in Sources */ = {isa = PBXBuildFile; fileRef = 165ECC581F73A47C00E32AA5 /* StringExtension.swift */; };
		165ECC5D1F73A83800E32AA5 /* LoadingIndicatorView.swift in Sources */ = {isa = PBXBuildFile; fileRef = 165ECC5C1F73A83800E32AA5 /* LoadingIndicatorView.swift */; };
		1664F4A31F74AB3000809C32 /* DrawerViewController.swift in Sources */ = {isa = PBXBuildFile; fileRef = 1664F4A21F74AB3000809C32 /* DrawerViewController.swift */; };
		1664F4B51F74E3F100809C32 /* Login.storyboard in Resources */ = {isa = PBXBuildFile; fileRef = 1664F4B41F74E3F100809C32 /* Login.storyboard */; };
		1664F4B71F74E5BB00809C32 /* ParentViewController.swift in Sources */ = {isa = PBXBuildFile; fileRef = 1664F4B61F74E5BB00809C32 /* ParentViewController.swift */; };
		1664F4BD1F75123C00809C32 /* TabBarViewController.swift in Sources */ = {isa = PBXBuildFile; fileRef = 1664F4BC1F75123C00809C32 /* TabBarViewController.swift */; };
		16684EFC1F97042B00AF0A7F /* AccountEditViewController.swift in Sources */ = {isa = PBXBuildFile; fileRef = 16684EFB1F97042B00AF0A7F /* AccountEditViewController.swift */; };
		166889971FBC6802001CBFB3 /* UserDefaultsExtension.swift in Sources */ = {isa = PBXBuildFile; fileRef = 166889961FBC6802001CBFB3 /* UserDefaultsExtension.swift */; };
		166BDF421F860E7900274C6C /* SplashViewController.swift in Sources */ = {isa = PBXBuildFile; fileRef = 166BDF411F860E7900274C6C /* SplashViewController.swift */; };
		166C41241F90964F00A98385 /* DataExtension.swift in Sources */ = {isa = PBXBuildFile; fileRef = 166C41231F90964F00A98385 /* DataExtension.swift */; };
		16812ADA1F99FDCD00F9D4E1 /* CustomTitleNavigationViewController.swift in Sources */ = {isa = PBXBuildFile; fileRef = 16812AD91F99FDCD00F9D4E1 /* CustomTitleNavigationViewController.swift */; };
		16816AA71FAFF8DD00855104 /* ShadowView.swift in Sources */ = {isa = PBXBuildFile; fileRef = 16816AA61FAFF8DD00855104 /* ShadowView.swift */; };
		169490F61FBC5FA3000B4FB1 /* ColorPickerCollectionViewCell.swift in Sources */ = {isa = PBXBuildFile; fileRef = 169490F51FBC5FA3000B4FB1 /* ColorPickerCollectionViewCell.swift */; };
		1694F2721FF355640063F9E9 /* ReportViewController.swift in Sources */ = {isa = PBXBuildFile; fileRef = 1694F2711FF355640063F9E9 /* ReportViewController.swift */; };
		169C71CB1F66AFEF00B5D786 /* Constant.swift in Sources */ = {isa = PBXBuildFile; fileRef = 169C71CA1F66AFEF00B5D786 /* Constant.swift */; };
		16A82D0E1FB1B564007D6128 /* RecommendViewController.swift in Sources */ = {isa = PBXBuildFile; fileRef = 16A82D0C1FB1B564007D6128 /* RecommendViewController.swift */; };
		16A82D101FB1B56F007D6128 /* UserTableViewCell.swift in Sources */ = {isa = PBXBuildFile; fileRef = 16A82D0F1FB1B56F007D6128 /* UserTableViewCell.swift */; };
		16AD54EC1FDA91EF00EA498B /* Message.swift in Sources */ = {isa = PBXBuildFile; fileRef = 16AD54EB1FDA91EF00EA498B /* Message.swift */; };
		16AD967F1FD3E6370084151D /* TouchExtension.swift in Sources */ = {isa = PBXBuildFile; fileRef = 16AD967E1FD3E6370084151D /* TouchExtension.swift */; };
		16BC73721F96001800A872A8 /* AccountHeaderCollectionReusableView.swift in Sources */ = {isa = PBXBuildFile; fileRef = 16BC73711F96001800A872A8 /* AccountHeaderCollectionReusableView.swift */; };
		16BE0F2C1FC67A1500B989CE /* GridView.swift in Sources */ = {isa = PBXBuildFile; fileRef = 16BE0F2B1FC67A1500B989CE /* GridView.swift */; };
		16BE0F2E1FC67D5700B989CE /* CanvasSettingTableViewController.swift in Sources */ = {isa = PBXBuildFile; fileRef = 16BE0F2D1FC67D5700B989CE /* CanvasSettingTableViewController.swift */; };
		16C013CB1F9F2E3E00238463 /* UserViewController.swift in Sources */ = {isa = PBXBuildFile; fileRef = 16C013CA1F9F2E3E00238463 /* UserViewController.swift */; };
		16C013CD1F9F321100238463 /* FollowViewController.swift in Sources */ = {isa = PBXBuildFile; fileRef = 16C013CC1F9F321100238463 /* FollowViewController.swift */; };
		16CB8C731FF62A1100635F39 /* CustomSelectorTableViewCell.swift in Sources */ = {isa = PBXBuildFile; fileRef = 16CB8C721FF62A1100635F39 /* CustomSelectorTableViewCell.swift */; };
		16CB8C751FF62A8D00635F39 /* CustomSelectorCollectionViewCell.swift in Sources */ = {isa = PBXBuildFile; fileRef = 16CB8C741FF62A8D00635F39 /* CustomSelectorCollectionViewCell.swift */; };
		16CEB89E1F72AF0400ADBC1F /* SignUpViewController.swift in Sources */ = {isa = PBXBuildFile; fileRef = 16CEB89D1F72AF0400ADBC1F /* SignUpViewController.swift */; };
		16CEB8A01F72AFC300ADBC1F /* BackButtonViewController.swift in Sources */ = {isa = PBXBuildFile; fileRef = 16CEB89F1F72AFC300ADBC1F /* BackButtonViewController.swift */; };
		16D08F1F1FB14D84001D167C /* DebugViewController.swift in Sources */ = {isa = PBXBuildFile; fileRef = 16D08F1E1FB14D84001D167C /* DebugViewController.swift */; };
		16D08F241FB169AD001D167C /* Account.storyboard in Resources */ = {isa = PBXBuildFile; fileRef = 16D08F221FB169AC001D167C /* Account.storyboard */; };
		16D439651F66A9B300FF5878 /* Logger.swift in Sources */ = {isa = PBXBuildFile; fileRef = 16D439641F66A9B300FF5878 /* Logger.swift */; };
		16D439681F66AC8200FF5878 /* Point.swift in Sources */ = {isa = PBXBuildFile; fileRef = 16D439671F66AC8200FF5878 /* Point.swift */; };
		16E539701FD965D800799E4D /* CommentViewController.swift in Sources */ = {isa = PBXBuildFile; fileRef = 16E5396F1FD965D800799E4D /* CommentViewController.swift */; };
		16E539721FD9698000799E4D /* CommentTableViewCell.swift in Sources */ = {isa = PBXBuildFile; fileRef = 16E539711FD9698000799E4D /* CommentTableViewCell.swift */; };
		16ECCD6D1FECD3B9009C053E /* CollectionViewExtension.swift in Sources */ = {isa = PBXBuildFile; fileRef = 16ECCD6C1FECD3B9009C053E /* CollectionViewExtension.swift */; };
		16FC10241F6963B3008A6A92 /* ViewExtension.swift in Sources */ = {isa = PBXBuildFile; fileRef = 16FC10231F6963B3008A6A92 /* ViewExtension.swift */; };
		C48327DB3369377881C37AFE /* Pods_BonnieDraw.framework in Frameworks */ = {isa = PBXBuildFile; fileRef = 0E3A98691CFA6F344DA806E4 /* Pods_BonnieDraw.framework */; };
/* End PBXBuildFile section */

/* Begin PBXFileReference section */
		0E3A98691CFA6F344DA806E4 /* Pods_BonnieDraw.framework */ = {isa = PBXFileReference; explicitFileType = wrapper.framework; includeInIndex = 0; path = Pods_BonnieDraw.framework; sourceTree = BUILT_PRODUCTS_DIR; };
		16076EB91F7CA142009E1E49 /* SizePickerViewController.swift */ = {isa = PBXFileReference; lastKnownFileType = sourcecode.swift; path = SizePickerViewController.swift; sourceTree = "<group>"; };
		16083DD61F7E75F0008BBB4B /* NotificationViewController.swift */ = {isa = PBXFileReference; fileEncoding = 4; lastKnownFileType = sourcecode.swift; path = NotificationViewController.swift; sourceTree = "<group>"; };
		16109CCA1F96E96D000864DB /* AccountFooterCollectionReusableView.swift */ = {isa = PBXFileReference; lastKnownFileType = sourcecode.swift; path = AccountFooterCollectionReusableView.swift; sourceTree = "<group>"; };
		16185C7C1F94A13F008F0840 /* WorkViewController.swift */ = {isa = PBXFileReference; lastKnownFileType = sourcecode.swift; path = WorkViewController.swift; sourceTree = "<group>"; };
		16185C7E1F94A264008F0840 /* Work.swift */ = {isa = PBXFileReference; lastKnownFileType = sourcecode.swift; path = Work.swift; sourceTree = "<group>"; };
		1619E93F1FEA88C6009CFE08 /* HomeBarBackgroundView.swift */ = {isa = PBXFileReference; lastKnownFileType = sourcecode.swift; path = HomeBarBackgroundView.swift; sourceTree = "<group>"; };
		162AC4AA1F95FCED00FA26C9 /* AccountGridCollectionViewCell.swift */ = {isa = PBXFileReference; lastKnownFileType = sourcecode.swift; path = AccountGridCollectionViewCell.swift; sourceTree = "<group>"; };
		16303BA71FD147A400C42783 /* JotUI.framework */ = {isa = PBXFileReference; explicitFileType = wrapper.framework; path = JotUI.framework; sourceTree = BUILT_PRODUCTS_DIR; };
		16303BA81FD1494E00C42783 /* Brush.swift */ = {isa = PBXFileReference; fileEncoding = 4; lastKnownFileType = sourcecode.swift; path = Brush.swift; sourceTree = "<group>"; };
		16303BAA1FD14D0C00C42783 /* quad.vsh */ = {isa = PBXFileReference; lastKnownFileType = sourcecode.glsl; name = quad.vsh; path = ../JotUI/quad.vsh; sourceTree = "<group>"; };
		16303BAB1FD14D0D00C42783 /* colorlesspoint.vsh */ = {isa = PBXFileReference; lastKnownFileType = sourcecode.glsl; name = colorlesspoint.vsh; path = ../JotUI/colorlesspoint.vsh; sourceTree = "<group>"; };
		16303BAC1FD14D0D00C42783 /* quad.fsh */ = {isa = PBXFileReference; lastKnownFileType = sourcecode.glsl; name = quad.fsh; path = ../JotUI/quad.fsh; sourceTree = "<group>"; };
		16303BAD1FD14D0D00C42783 /* stencil.fsh */ = {isa = PBXFileReference; lastKnownFileType = sourcecode.glsl; name = stencil.fsh; path = ../JotUI/stencil.fsh; sourceTree = "<group>"; };
		16303BAE1FD14D0D00C42783 /* point.fsh */ = {isa = PBXFileReference; lastKnownFileType = sourcecode.glsl; name = point.fsh; path = ../JotUI/point.fsh; sourceTree = "<group>"; };
		16303BAF1FD14D0D00C42783 /* coloredpoint.vsh */ = {isa = PBXFileReference; lastKnownFileType = sourcecode.glsl; name = coloredpoint.vsh; path = ../JotUI/coloredpoint.vsh; sourceTree = "<group>"; };
		163174701FF0E661001F7A99 /* ButtonExtension.swift */ = {isa = PBXFileReference; fileEncoding = 4; lastKnownFileType = sourcecode.swift; path = ButtonExtension.swift; sourceTree = "<group>"; };
		16332A221F7F3048007857E3 /* UploadViewController.swift */ = {isa = PBXFileReference; lastKnownFileType = sourcecode.swift; path = UploadViewController.swift; sourceTree = "<group>"; };
		1633C0641F9ED4400039E7F6 /* WebViewController.swift */ = {isa = PBXFileReference; fileEncoding = 4; lastKnownFileType = sourcecode.swift; path = WebViewController.swift; sourceTree = "<group>"; };
		16353D471FCDA57200482807 /* BrushPickerCollectionViewCell.swift */ = {isa = PBXFileReference; lastKnownFileType = sourcecode.swift; path = BrushPickerCollectionViewCell.swift; sourceTree = "<group>"; };
		16353D491FCDA61C00482807 /* BrushPickerViewController.swift */ = {isa = PBXFileReference; lastKnownFileType = sourcecode.swift; path = BrushPickerViewController.swift; sourceTree = "<group>"; };
		16366AE11F7A0AA300E5799B /* HomeViewController.swift */ = {isa = PBXFileReference; lastKnownFileType = sourcecode.swift; path = HomeViewController.swift; sourceTree = "<group>"; };
		16366AE41F7A131200E5799B /* HomeTableViewCell.swift */ = {isa = PBXFileReference; lastKnownFileType = sourcecode.swift; path = HomeTableViewCell.swift; sourceTree = "<group>"; };
		16366AE61F7A39EC00E5799B /* ImageViewExtension.swift */ = {isa = PBXFileReference; fileEncoding = 4; lastKnownFileType = sourcecode.swift; path = ImageViewExtension.swift; sourceTree = "<group>"; };
		16369FFB1FB2A43600C7C8BC /* TabNavigationControllerAnimator.swift */ = {isa = PBXFileReference; lastKnownFileType = sourcecode.swift; path = TabNavigationControllerAnimator.swift; sourceTree = "<group>"; };
		16369FFD1FB2A60300C7C8BC /* TabNavigationControllerDelegate.swift */ = {isa = PBXFileReference; lastKnownFileType = sourcecode.swift; path = TabNavigationControllerDelegate.swift; sourceTree = "<group>"; };
		163784621FB13EE600D70261 /* BonnieDraw.entitlements */ = {isa = PBXFileReference; lastKnownFileType = text.plist.entitlements; path = BonnieDraw.entitlements; sourceTree = "<group>"; };
		16386DD51FAC019A00DFE2E5 /* DataConverter.swift */ = {isa = PBXFileReference; lastKnownFileType = sourcecode.swift; path = DataConverter.swift; sourceTree = "<group>"; };
		163906FD1F6C083300E5717A /* SignInViewController.swift */ = {isa = PBXFileReference; fileEncoding = 4; lastKnownFileType = sourcecode.swift; path = SignInViewController.swift; sourceTree = "<group>"; };
		163907021F6C0BE400E5717A /* ApplicationExtension.swift */ = {isa = PBXFileReference; fileEncoding = 4; lastKnownFileType = sourcecode.swift; path = ApplicationExtension.swift; sourceTree = "<group>"; };
		163907031F6C0BE400E5717A /* BundleExtension.swift */ = {isa = PBXFileReference; fileEncoding = 4; lastKnownFileType = sourcecode.swift; path = BundleExtension.swift; sourceTree = "<group>"; };
		163A5E1E1FA0275200FE70BD /* FollowBarItem.swift */ = {isa = PBXFileReference; lastKnownFileType = sourcecode.swift; path = FollowBarItem.swift; sourceTree = "<group>"; };
		163A5E241FA061F100FE70BD /* FollowTableViewCell.swift */ = {isa = PBXFileReference; lastKnownFileType = sourcecode.swift; path = FollowTableViewCell.swift; sourceTree = "<group>"; };
		163A5E261FA062D500FE70BD /* FollowButton.swift */ = {isa = PBXFileReference; lastKnownFileType = sourcecode.swift; path = FollowButton.swift; sourceTree = "<group>"; };
		163DDF3D1FC5526D0052DF80 /* NotificationTableViewCell.swift */ = {isa = PBXFileReference; lastKnownFileType = sourcecode.swift; path = NotificationTableViewCell.swift; sourceTree = "<group>"; };
		163DDF3F1FC566F40052DF80 /* Profile.swift */ = {isa = PBXFileReference; lastKnownFileType = sourcecode.swift; path = Profile.swift; sourceTree = "<group>"; };
		163EAED61FD64435003109B3 /* Marker.png */ = {isa = PBXFileReference; lastKnownFileType = image.png; path = Marker.png; sourceTree = "<group>"; };
		163EAED71FD64435003109B3 /* Pencil.png */ = {isa = PBXFileReference; lastKnownFileType = image.png; path = Pencil.png; sourceTree = "<group>"; };
		163EAED81FD64435003109B3 /* Airbrush.png */ = {isa = PBXFileReference; lastKnownFileType = image.png; path = Airbrush.png; sourceTree = "<group>"; };
		163EAED91FD64435003109B3 /* Crayon.png */ = {isa = PBXFileReference; lastKnownFileType = image.png; path = Crayon.png; sourceTree = "<group>"; };
		163F65A71F61663800945E04 /* BonnieDraw.app */ = {isa = PBXFileReference; explicitFileType = wrapper.application; includeInIndex = 0; path = BonnieDraw.app; sourceTree = BUILT_PRODUCTS_DIR; };
		163F65AA1F61663800945E04 /* AppDelegate.swift */ = {isa = PBXFileReference; lastKnownFileType = sourcecode.swift; path = AppDelegate.swift; sourceTree = "<group>"; };
		163F65AF1F61663900945E04 /* Base */ = {isa = PBXFileReference; lastKnownFileType = file.storyboard; name = Base; path = Base.lproj/Main.storyboard; sourceTree = "<group>"; };
		163F65B11F61663900945E04 /* Assets.xcassets */ = {isa = PBXFileReference; lastKnownFileType = folder.assetcatalog; path = Assets.xcassets; sourceTree = "<group>"; };
		163F65B41F61663900945E04 /* Base */ = {isa = PBXFileReference; lastKnownFileType = file.storyboard; name = Base; path = Base.lproj/LaunchScreen.storyboard; sourceTree = "<group>"; };
		163F65B61F61663900945E04 /* Info.plist */ = {isa = PBXFileReference; lastKnownFileType = text.plist.xml; path = Info.plist; sourceTree = "<group>"; };
		163F65BE1F616C4F00945E04 /* CanvasViewController.swift */ = {isa = PBXFileReference; fileEncoding = 4; lastKnownFileType = sourcecode.swift; path = CanvasViewController.swift; sourceTree = "<group>"; };
		1645CE141FFE5210002AC2FD /* GoogleService-Info.plist */ = {isa = PBXFileReference; fileEncoding = 4; lastKnownFileType = text.plist.xml; path = "GoogleService-Info.plist"; sourceTree = "<group>"; };
		16492BD11F972ABB00E45D96 /* TextFieldExtension.swift */ = {isa = PBXFileReference; lastKnownFileType = sourcecode.swift; path = TextFieldExtension.swift; sourceTree = "<group>"; };
		164985A01FF79F1F00A1B00E /* WindowExtension.swift */ = {isa = PBXFileReference; lastKnownFileType = sourcecode.swift; path = WindowExtension.swift; sourceTree = "<group>"; };
		1649F26F1FD7A09200B90A1E /* CanvasAnimationViewController.swift */ = {isa = PBXFileReference; lastKnownFileType = sourcecode.swift; path = CanvasAnimationViewController.swift; sourceTree = "<group>"; };
		1649F2711FD7A0E000B90A1E /* Drawing.storyboard */ = {isa = PBXFileReference; lastKnownFileType = file.storyboard; path = Drawing.storyboard; sourceTree = "<group>"; };
		1649F2731FD7A43A00B90A1E /* LightStatusBarViewController.swift */ = {isa = PBXFileReference; lastKnownFileType = sourcecode.swift; path = LightStatusBarViewController.swift; sourceTree = "<group>"; };
		164AEC231FC69CCE00542354 /* ViewControllerExtension.swift */ = {isa = PBXFileReference; fileEncoding = 4; lastKnownFileType = sourcecode.swift; path = ViewControllerExtension.swift; sourceTree = "<group>"; };
		164CA76B1F99E24C007F9374 /* AccountListCollectionViewCell.swift */ = {isa = PBXFileReference; lastKnownFileType = sourcecode.swift; path = AccountListCollectionViewCell.swift; sourceTree = "<group>"; };
		164ED24C1F7B379200E8B910 /* AccountViewController.swift */ = {isa = PBXFileReference; lastKnownFileType = sourcecode.swift; path = AccountViewController.swift; sourceTree = "<group>"; };
		164ED24E1F7B414500E8B910 /* TableViewExtension.swift */ = {isa = PBXFileReference; fileEncoding = 4; lastKnownFileType = sourcecode.swift; path = TableViewExtension.swift; sourceTree = "<group>"; };
		164ED2521F7BA45E00E8B910 /* ColorPickerViewController.swift */ = {isa = PBXFileReference; lastKnownFileType = sourcecode.swift; path = ColorPickerViewController.swift; sourceTree = "<group>"; };
		164F84651FC6643500A8E770 /* User.swift */ = {isa = PBXFileReference; lastKnownFileType = sourcecode.swift; path = User.swift; sourceTree = "<group>"; };
		165710FE1F6BAB63004A8DD8 /* Path.swift */ = {isa = PBXFileReference; fileEncoding = 4; lastKnownFileType = sourcecode.swift; path = Path.swift; sourceTree = "<group>"; };
		165996D81FB4429200AAE7B3 /* SaturationBrightnessView.swift */ = {isa = PBXFileReference; fileEncoding = 4; lastKnownFileType = sourcecode.swift; path = SaturationBrightnessView.swift; sourceTree = "<group>"; };
		165996D91FB4429200AAE7B3 /* HueView.swift */ = {isa = PBXFileReference; fileEncoding = 4; lastKnownFileType = sourcecode.swift; path = HueView.swift; sourceTree = "<group>"; };
		165A95971FDA3F2600970CE7 /* Texture.png */ = {isa = PBXFileReference; lastKnownFileType = image.png; path = Texture.png; sourceTree = "<group>"; };
		165E1B5A1F9DDFA80050A7BB /* SettingViewController.swift */ = {isa = PBXFileReference; lastKnownFileType = sourcecode.swift; path = SettingViewController.swift; sourceTree = "<group>"; };
		165E1B5C1F9DE4920050A7BB /* PasswordViewController.swift */ = {isa = PBXFileReference; lastKnownFileType = sourcecode.swift; path = PasswordViewController.swift; sourceTree = "<group>"; };
		165E1B5E1F9DE49F0050A7BB /* LanguageViewController.swift */ = {isa = PBXFileReference; lastKnownFileType = sourcecode.swift; path = LanguageViewController.swift; sourceTree = "<group>"; };
		165ECC521F73947C00E32AA5 /* ForgetPasswordViewController.swift */ = {isa = PBXFileReference; lastKnownFileType = sourcecode.swift; path = ForgetPasswordViewController.swift; sourceTree = "<group>"; };
		165ECC561F73A46200E32AA5 /* ColorExtension.swift */ = {isa = PBXFileReference; fileEncoding = 4; lastKnownFileType = sourcecode.swift; path = ColorExtension.swift; sourceTree = "<group>"; };
		165ECC581F73A47C00E32AA5 /* StringExtension.swift */ = {isa = PBXFileReference; fileEncoding = 4; lastKnownFileType = sourcecode.swift; path = StringExtension.swift; sourceTree = "<group>"; };
		165ECC5C1F73A83800E32AA5 /* LoadingIndicatorView.swift */ = {isa = PBXFileReference; fileEncoding = 4; lastKnownFileType = sourcecode.swift; path = LoadingIndicatorView.swift; sourceTree = "<group>"; };
		1664F4A21F74AB3000809C32 /* DrawerViewController.swift */ = {isa = PBXFileReference; lastKnownFileType = sourcecode.swift; path = DrawerViewController.swift; sourceTree = "<group>"; };
		1664F4A91F74AD9200809C32 /* Base */ = {isa = PBXFileReference; lastKnownFileType = text.plist.strings; name = Base; path = Base.lproj/Localizable.strings; sourceTree = "<group>"; };
		1664F4AF1F74B2EF00809C32 /* BonnieDraw-Bridging-Header.h */ = {isa = PBXFileReference; lastKnownFileType = sourcecode.c.h; path = "BonnieDraw-Bridging-Header.h"; sourceTree = "<group>"; };
		1664F4B41F74E3F100809C32 /* Login.storyboard */ = {isa = PBXFileReference; lastKnownFileType = file.storyboard; name = Login.storyboard; path = Base.lproj/Login.storyboard; sourceTree = "<group>"; };
		1664F4B61F74E5BB00809C32 /* ParentViewController.swift */ = {isa = PBXFileReference; lastKnownFileType = sourcecode.swift; path = ParentViewController.swift; sourceTree = "<group>"; };
		1664F4BC1F75123C00809C32 /* TabBarViewController.swift */ = {isa = PBXFileReference; lastKnownFileType = sourcecode.swift; path = TabBarViewController.swift; sourceTree = "<group>"; };
		16684EFB1F97042B00AF0A7F /* AccountEditViewController.swift */ = {isa = PBXFileReference; lastKnownFileType = sourcecode.swift; path = AccountEditViewController.swift; sourceTree = "<group>"; };
		166889961FBC6802001CBFB3 /* UserDefaultsExtension.swift */ = {isa = PBXFileReference; lastKnownFileType = sourcecode.swift; path = UserDefaultsExtension.swift; sourceTree = "<group>"; };
		166BDF411F860E7900274C6C /* SplashViewController.swift */ = {isa = PBXFileReference; lastKnownFileType = sourcecode.swift; path = SplashViewController.swift; sourceTree = "<group>"; };
		166C41231F90964F00A98385 /* DataExtension.swift */ = {isa = PBXFileReference; fileEncoding = 4; lastKnownFileType = sourcecode.swift; path = DataExtension.swift; sourceTree = "<group>"; };
		16812AD91F99FDCD00F9D4E1 /* CustomTitleNavigationViewController.swift */ = {isa = PBXFileReference; fileEncoding = 4; lastKnownFileType = sourcecode.swift; path = CustomTitleNavigationViewController.swift; sourceTree = "<group>"; };
		16816AA61FAFF8DD00855104 /* ShadowView.swift */ = {isa = PBXFileReference; fileEncoding = 4; lastKnownFileType = sourcecode.swift; path = ShadowView.swift; sourceTree = "<group>"; };
		169490F51FBC5FA3000B4FB1 /* ColorPickerCollectionViewCell.swift */ = {isa = PBXFileReference; lastKnownFileType = sourcecode.swift; path = ColorPickerCollectionViewCell.swift; sourceTree = "<group>"; };
		1694F2711FF355640063F9E9 /* ReportViewController.swift */ = {isa = PBXFileReference; lastKnownFileType = sourcecode.swift; path = ReportViewController.swift; sourceTree = "<group>"; };
		169C71CA1F66AFEF00B5D786 /* Constant.swift */ = {isa = PBXFileReference; fileEncoding = 4; lastKnownFileType = sourcecode.swift; path = Constant.swift; sourceTree = "<group>"; };
		16A82D0C1FB1B564007D6128 /* RecommendViewController.swift */ = {isa = PBXFileReference; fileEncoding = 4; lastKnownFileType = sourcecode.swift; path = RecommendViewController.swift; sourceTree = "<group>"; };
		16A82D0F1FB1B56F007D6128 /* UserTableViewCell.swift */ = {isa = PBXFileReference; fileEncoding = 4; lastKnownFileType = sourcecode.swift; path = UserTableViewCell.swift; sourceTree = "<group>"; };
		16AD54EB1FDA91EF00EA498B /* Message.swift */ = {isa = PBXFileReference; lastKnownFileType = sourcecode.swift; path = Message.swift; sourceTree = "<group>"; };
		16AD967E1FD3E6370084151D /* TouchExtension.swift */ = {isa = PBXFileReference; lastKnownFileType = sourcecode.swift; path = TouchExtension.swift; sourceTree = "<group>"; };
		16BC73711F96001800A872A8 /* AccountHeaderCollectionReusableView.swift */ = {isa = PBXFileReference; lastKnownFileType = sourcecode.swift; path = AccountHeaderCollectionReusableView.swift; sourceTree = "<group>"; };
		16BE0F2B1FC67A1500B989CE /* GridView.swift */ = {isa = PBXFileReference; fileEncoding = 4; lastKnownFileType = sourcecode.swift; path = GridView.swift; sourceTree = "<group>"; };
		16BE0F2D1FC67D5700B989CE /* CanvasSettingTableViewController.swift */ = {isa = PBXFileReference; lastKnownFileType = sourcecode.swift; path = CanvasSettingTableViewController.swift; sourceTree = "<group>"; };
		16C013CA1F9F2E3E00238463 /* UserViewController.swift */ = {isa = PBXFileReference; lastKnownFileType = sourcecode.swift; path = UserViewController.swift; sourceTree = "<group>"; };
		16C013CC1F9F321100238463 /* FollowViewController.swift */ = {isa = PBXFileReference; lastKnownFileType = sourcecode.swift; path = FollowViewController.swift; sourceTree = "<group>"; };
		16CB8C721FF62A1100635F39 /* CustomSelectorTableViewCell.swift */ = {isa = PBXFileReference; lastKnownFileType = sourcecode.swift; path = CustomSelectorTableViewCell.swift; sourceTree = "<group>"; };
		16CB8C741FF62A8D00635F39 /* CustomSelectorCollectionViewCell.swift */ = {isa = PBXFileReference; lastKnownFileType = sourcecode.swift; path = CustomSelectorCollectionViewCell.swift; sourceTree = "<group>"; };
		16CEB89D1F72AF0400ADBC1F /* SignUpViewController.swift */ = {isa = PBXFileReference; lastKnownFileType = sourcecode.swift; path = SignUpViewController.swift; sourceTree = "<group>"; };
		16CEB89F1F72AFC300ADBC1F /* BackButtonViewController.swift */ = {isa = PBXFileReference; fileEncoding = 4; lastKnownFileType = sourcecode.swift; path = BackButtonViewController.swift; sourceTree = "<group>"; };
		16D08F1E1FB14D84001D167C /* DebugViewController.swift */ = {isa = PBXFileReference; lastKnownFileType = sourcecode.swift; path = DebugViewController.swift; sourceTree = "<group>"; };
		16D08F231FB169AC001D167C /* Base */ = {isa = PBXFileReference; lastKnownFileType = file.storyboard; name = Base; path = Base.lproj/Account.storyboard; sourceTree = "<group>"; };
		16D439641F66A9B300FF5878 /* Logger.swift */ = {isa = PBXFileReference; fileEncoding = 4; lastKnownFileType = sourcecode.swift; path = Logger.swift; sourceTree = "<group>"; };
		16D439671F66AC8200FF5878 /* Point.swift */ = {isa = PBXFileReference; fileEncoding = 4; lastKnownFileType = sourcecode.swift; path = Point.swift; sourceTree = "<group>"; };
		16E5396F1FD965D800799E4D /* CommentViewController.swift */ = {isa = PBXFileReference; lastKnownFileType = sourcecode.swift; path = CommentViewController.swift; sourceTree = "<group>"; };
		16E539711FD9698000799E4D /* CommentTableViewCell.swift */ = {isa = PBXFileReference; lastKnownFileType = sourcecode.swift; path = CommentTableViewCell.swift; sourceTree = "<group>"; };
		16ECCD6C1FECD3B9009C053E /* CollectionViewExtension.swift */ = {isa = PBXFileReference; lastKnownFileType = sourcecode.swift; path = CollectionViewExtension.swift; sourceTree = "<group>"; };
		16FC10231F6963B3008A6A92 /* ViewExtension.swift */ = {isa = PBXFileReference; fileEncoding = 4; lastKnownFileType = sourcecode.swift; path = ViewExtension.swift; sourceTree = "<group>"; };
		388AE756E7807DDA04B29841 /* Pods-BonnieDraw.release.xcconfig */ = {isa = PBXFileReference; includeInIndex = 1; lastKnownFileType = text.xcconfig; name = "Pods-BonnieDraw.release.xcconfig"; path = "Pods/Target Support Files/Pods-BonnieDraw/Pods-BonnieDraw.release.xcconfig"; sourceTree = "<group>"; };
		F1E64C6A95DC11CFE0EF1A63 /* Pods-BonnieDraw.debug.xcconfig */ = {isa = PBXFileReference; includeInIndex = 1; lastKnownFileType = text.xcconfig; name = "Pods-BonnieDraw.debug.xcconfig"; path = "Pods/Target Support Files/Pods-BonnieDraw/Pods-BonnieDraw.debug.xcconfig"; sourceTree = "<group>"; };
/* End PBXFileReference section */

/* Begin PBXFrameworksBuildPhase section */
		163F65A41F61663800945E04 /* Frameworks */ = {
			isa = PBXFrameworksBuildPhase;
			buildActionMask = 2147483647;
			files = (
				16303BA61FD147A400C42783 /* JotUI.framework in Frameworks */,
				C48327DB3369377881C37AFE /* Pods_BonnieDraw.framework in Frameworks */,
			);
			runOnlyForDeploymentPostprocessing = 0;
		};
/* End PBXFrameworksBuildPhase section */

/* Begin PBXGroup section */
		16303BB61FD14D1B00C42783 /* ThirdParty */ = {
			isa = PBXGroup;
			children = (
				16303BAF1FD14D0D00C42783 /* coloredpoint.vsh */,
				16303BAB1FD14D0D00C42783 /* colorlesspoint.vsh */,
				16303BAE1FD14D0D00C42783 /* point.fsh */,
				16303BAC1FD14D0D00C42783 /* quad.fsh */,
				16303BAA1FD14D0C00C42783 /* quad.vsh */,
				16303BAD1FD14D0D00C42783 /* stencil.fsh */,
			);
			name = ThirdParty;
			sourceTree = "<group>";
		};
		16366AE31F7A130400E5799B /* Cell */ = {
			isa = PBXGroup;
			children = (
				16A82D0F1FB1B56F007D6128 /* UserTableViewCell.swift */,
				16366AE41F7A131200E5799B /* HomeTableViewCell.swift */,
				162AC4AA1F95FCED00FA26C9 /* AccountGridCollectionViewCell.swift */,
				164CA76B1F99E24C007F9374 /* AccountListCollectionViewCell.swift */,
				163A5E241FA061F100FE70BD /* FollowTableViewCell.swift */,
				169490F51FBC5FA3000B4FB1 /* ColorPickerCollectionViewCell.swift */,
				163DDF3D1FC5526D0052DF80 /* NotificationTableViewCell.swift */,
				16353D471FCDA57200482807 /* BrushPickerCollectionViewCell.swift */,
				16E539711FD9698000799E4D /* CommentTableViewCell.swift */,
				16CB8C721FF62A1100635F39 /* CustomSelectorTableViewCell.swift */,
				16CB8C741FF62A8D00635F39 /* CustomSelectorCollectionViewCell.swift */,
			);
			name = Cell;
			sourceTree = "<group>";
		};
		163F659E1F61663800945E04 = {
			isa = PBXGroup;
			children = (
				163F65A91F61663800945E04 /* BonnieDraw */,
				163F65A81F61663800945E04 /* Products */,
				F29E28AEB5FF0043D059DD98 /* Pods */,
				5855718FD158A460A32D8B77 /* Frameworks */,
			);
			sourceTree = "<group>";
		};
		163F65A81F61663800945E04 /* Products */ = {
			isa = PBXGroup;
			children = (
				163F65A71F61663800945E04 /* BonnieDraw.app */,
			);
			name = Products;
			sourceTree = "<group>";
		};
		163F65A91F61663800945E04 /* BonnieDraw */ = {
			isa = PBXGroup;
			children = (
				163784621FB13EE600D70261 /* BonnieDraw.entitlements */,
				16303BB61FD14D1B00C42783 /* ThirdParty */,
				16366AE31F7A130400E5799B /* Cell */,
				16FC10221F695C62008A6A92 /* View */,
				16D439661F66AC6800FF5878 /* Model */,
				16D439611F66A97400FF5878 /* Utility */,
				163F65BD1F616C0A00945E04 /* Controller */,
				163F65BC1F61673100945E04 /* Resource */,
				1664F4AF1F74B2EF00809C32 /* BonnieDraw-Bridging-Header.h */,
				163F65AA1F61663800945E04 /* AppDelegate.swift */,
				169C71CA1F66AFEF00B5D786 /* Constant.swift */,
			);
			path = BonnieDraw;
			sourceTree = "<group>";
		};
		163F65BC1F61673100945E04 /* Resource */ = {
			isa = PBXGroup;
			children = (
				165A95971FDA3F2600970CE7 /* Texture.png */,
				163EAED81FD64435003109B3 /* Airbrush.png */,
				163EAED91FD64435003109B3 /* Crayon.png */,
				163EAED61FD64435003109B3 /* Marker.png */,
				163EAED71FD64435003109B3 /* Pencil.png */,
				1645CE141FFE5210002AC2FD /* GoogleService-Info.plist */,
				163F65B61F61663900945E04 /* Info.plist */,
				1664F4A81F74AD9200809C32 /* Localizable.strings */,
				1664F4B41F74E3F100809C32 /* Login.storyboard */,
				163F65AE1F61663900945E04 /* Main.storyboard */,
				1649F2711FD7A0E000B90A1E /* Drawing.storyboard */,
				16D08F221FB169AC001D167C /* Account.storyboard */,
				163F65B31F61663900945E04 /* LaunchScreen.storyboard */,
				163F65B11F61663900945E04 /* Assets.xcassets */,
			);
			name = Resource;
			sourceTree = "<group>";
		};
		163F65BD1F616C0A00945E04 /* Controller */ = {
			isa = PBXGroup;
			children = (
				16CEB89F1F72AFC300ADBC1F /* BackButtonViewController.swift */,
				16812AD91F99FDCD00F9D4E1 /* CustomTitleNavigationViewController.swift */,
				1649F2731FD7A43A00B90A1E /* LightStatusBarViewController.swift */,
				1664F4B81F74ED7700809C32 /* Login */,
				1664F4B91F74ED8C00809C32 /* Main */,
				16CB8C711FF6233500635F39 /* Drawing */,
				16C013C91F9F2D0900238463 /* Account */,
			);
			name = Controller;
			sourceTree = "<group>";
		};
		1664F4B81F74ED7700809C32 /* Login */ = {
			isa = PBXGroup;
			children = (
				165ECC521F73947C00E32AA5 /* ForgetPasswordViewController.swift */,
				163906FD1F6C083300E5717A /* SignInViewController.swift */,
				16CEB89D1F72AF0400ADBC1F /* SignUpViewController.swift */,
			);
			name = Login;
			sourceTree = "<group>";
		};
		1664F4B91F74ED8C00809C32 /* Main */ = {
			isa = PBXGroup;
			children = (
				16D08F1E1FB14D84001D167C /* DebugViewController.swift */,
				166BDF411F860E7900274C6C /* SplashViewController.swift */,
				1664F4B61F74E5BB00809C32 /* ParentViewController.swift */,
				1664F4BC1F75123C00809C32 /* TabBarViewController.swift */,
				1664F4A21F74AB3000809C32 /* DrawerViewController.swift */,
				16366AE11F7A0AA300E5799B /* HomeViewController.swift */,
				16083DD61F7E75F0008BBB4B /* NotificationViewController.swift */,
				1633C0641F9ED4400039E7F6 /* WebViewController.swift */,
				16185C7C1F94A13F008F0840 /* WorkViewController.swift */,
				16C013CC1F9F321100238463 /* FollowViewController.swift */,
				16E5396F1FD965D800799E4D /* CommentViewController.swift */,
				1694F2711FF355640063F9E9 /* ReportViewController.swift */,
			);
			name = Main;
			sourceTree = "<group>";
		};
		16C013C91F9F2D0900238463 /* Account */ = {
			isa = PBXGroup;
			children = (
				164ED24C1F7B379200E8B910 /* AccountViewController.swift */,
				16684EFB1F97042B00AF0A7F /* AccountEditViewController.swift */,
				165E1B5A1F9DDFA80050A7BB /* SettingViewController.swift */,
				16A82D0C1FB1B564007D6128 /* RecommendViewController.swift */,
				165E1B5C1F9DE4920050A7BB /* PasswordViewController.swift */,
				165E1B5E1F9DE49F0050A7BB /* LanguageViewController.swift */,
				16C013CA1F9F2E3E00238463 /* UserViewController.swift */,
			);
			name = Account;
			sourceTree = "<group>";
		};
		16CB8C711FF6233500635F39 /* Drawing */ = {
			isa = PBXGroup;
			children = (
				163F65BE1F616C4F00945E04 /* CanvasViewController.swift */,
				1649F26F1FD7A09200B90A1E /* CanvasAnimationViewController.swift */,
				16BE0F2D1FC67D5700B989CE /* CanvasSettingTableViewController.swift */,
				16332A221F7F3048007857E3 /* UploadViewController.swift */,
				16353D491FCDA61C00482807 /* BrushPickerViewController.swift */,
				164ED2521F7BA45E00E8B910 /* ColorPickerViewController.swift */,
				16076EB91F7CA142009E1E49 /* SizePickerViewController.swift */,
			);
			name = Drawing;
			sourceTree = "<group>";
		};
		16D439611F66A97400FF5878 /* Utility */ = {
			isa = PBXGroup;
			children = (
				163174701FF0E661001F7A99 /* ButtonExtension.swift */,
				164AEC231FC69CCE00542354 /* ViewControllerExtension.swift */,
				166C41231F90964F00A98385 /* DataExtension.swift */,
				164ED24E1F7B414500E8B910 /* TableViewExtension.swift */,
				16366AE61F7A39EC00E5799B /* ImageViewExtension.swift */,
				165ECC581F73A47C00E32AA5 /* StringExtension.swift */,
				165ECC561F73A46200E32AA5 /* ColorExtension.swift */,
				163907021F6C0BE400E5717A /* ApplicationExtension.swift */,
				163907031F6C0BE400E5717A /* BundleExtension.swift */,
				16FC10231F6963B3008A6A92 /* ViewExtension.swift */,
				16D439641F66A9B300FF5878 /* Logger.swift */,
				16492BD11F972ABB00E45D96 /* TextFieldExtension.swift */,
				16386DD51FAC019A00DFE2E5 /* DataConverter.swift */,
				16369FFB1FB2A43600C7C8BC /* TabNavigationControllerAnimator.swift */,
				16369FFD1FB2A60300C7C8BC /* TabNavigationControllerDelegate.swift */,
				166889961FBC6802001CBFB3 /* UserDefaultsExtension.swift */,
				16AD967E1FD3E6370084151D /* TouchExtension.swift */,
				16ECCD6C1FECD3B9009C053E /* CollectionViewExtension.swift */,
				164985A01FF79F1F00A1B00E /* WindowExtension.swift */,
			);
			name = Utility;
			sourceTree = "<group>";
		};
		16D439661F66AC6800FF5878 /* Model */ = {
			isa = PBXGroup;
			children = (
				16303BA81FD1494E00C42783 /* Brush.swift */,
				16D439671F66AC8200FF5878 /* Point.swift */,
				165710FE1F6BAB63004A8DD8 /* Path.swift */,
				16185C7E1F94A264008F0840 /* Work.swift */,
				163DDF3F1FC566F40052DF80 /* Profile.swift */,
				164F84651FC6643500A8E770 /* User.swift */,
				16AD54EB1FDA91EF00EA498B /* Message.swift */,
			);
			name = Model;
			sourceTree = "<group>";
		};
		16FC10221F695C62008A6A92 /* View */ = {
			isa = PBXGroup;
			children = (
				1619E93F1FEA88C6009CFE08 /* HomeBarBackgroundView.swift */,
				16BE0F2B1FC67A1500B989CE /* GridView.swift */,
				165996D91FB4429200AAE7B3 /* HueView.swift */,
				165996D81FB4429200AAE7B3 /* SaturationBrightnessView.swift */,
				16816AA61FAFF8DD00855104 /* ShadowView.swift */,
				165ECC5C1F73A83800E32AA5 /* LoadingIndicatorView.swift */,
				16BC73711F96001800A872A8 /* AccountHeaderCollectionReusableView.swift */,
				16109CCA1F96E96D000864DB /* AccountFooterCollectionReusableView.swift */,
				163A5E1E1FA0275200FE70BD /* FollowBarItem.swift */,
				163A5E261FA062D500FE70BD /* FollowButton.swift */,
			);
			name = View;
			sourceTree = "<group>";
		};
		5855718FD158A460A32D8B77 /* Frameworks */ = {
			isa = PBXGroup;
			children = (
				16303BA71FD147A400C42783 /* JotUI.framework */,
				0E3A98691CFA6F344DA806E4 /* Pods_BonnieDraw.framework */,
			);
			name = Frameworks;
			sourceTree = "<group>";
		};
		F29E28AEB5FF0043D059DD98 /* Pods */ = {
			isa = PBXGroup;
			children = (
				F1E64C6A95DC11CFE0EF1A63 /* Pods-BonnieDraw.debug.xcconfig */,
				388AE756E7807DDA04B29841 /* Pods-BonnieDraw.release.xcconfig */,
			);
			name = Pods;
			sourceTree = "<group>";
		};
/* End PBXGroup section */

/* Begin PBXNativeTarget section */
		163F65A61F61663800945E04 /* BonnieDraw */ = {
			isa = PBXNativeTarget;
			buildConfigurationList = 163F65B91F61663900945E04 /* Build configuration list for PBXNativeTarget "BonnieDraw" */;
			buildPhases = (
				4BDFC3806A1CEB7FA6FA26FD /* [CP] Check Pods Manifest.lock */,
				163F65A31F61663800945E04 /* Sources */,
				163F65A41F61663800945E04 /* Frameworks */,
				163F65A51F61663800945E04 /* Resources */,
				E582CE5F134C9329393F8078 /* [CP] Embed Pods Frameworks */,
				306D15DA829BDA6EC351F7D6 /* [CP] Copy Pods Resources */,
				16D08F1B1FB14B5B001D167C /* ShellScript */,
			);
			buildRules = (
			);
			dependencies = (
			);
			name = BonnieDraw;
			productName = BonnieDraw;
			productReference = 163F65A71F61663800945E04 /* BonnieDraw.app */;
			productType = "com.apple.product-type.application";
		};
/* End PBXNativeTarget section */

/* Begin PBXProject section */
		163F659F1F61663800945E04 /* Project object */ = {
			isa = PBXProject;
			attributes = {
				LastSwiftUpdateCheck = 0830;
				LastUpgradeCheck = 0900;
				ORGANIZATIONNAME = Professor;
				TargetAttributes = {
					163F65A61F61663800945E04 = {
						CreatedOnToolsVersion = 8.3.3;
						DevelopmentTeam = 3MMZ7UBHWG;
						LastSwiftMigration = 0900;
						ProvisioningStyle = Automatic;
						SystemCapabilities = {
							com.apple.Push = {
								enabled = 1;
							};
							com.apple.SafariKeychain = {
								enabled = 1;
							};
						};
					};
				};
			};
			buildConfigurationList = 163F65A21F61663800945E04 /* Build configuration list for PBXProject "BonnieDraw" */;
			compatibilityVersion = "Xcode 3.2";
			developmentRegion = English;
			hasScannedForEncodings = 0;
			knownRegions = (
				Base,
			);
			mainGroup = 163F659E1F61663800945E04;
			productRefGroup = 163F65A81F61663800945E04 /* Products */;
			projectDirPath = "";
			projectRoot = "";
			targets = (
				163F65A61F61663800945E04 /* BonnieDraw */,
			);
		};
/* End PBXProject section */

/* Begin PBXResourcesBuildPhase section */
		163F65A51F61663800945E04 /* Resources */ = {
			isa = PBXResourcesBuildPhase;
			buildActionMask = 2147483647;
			files = (
				16303BB01FD14D0E00C42783 /* quad.vsh in Resources */,
				16303BB11FD14D0E00C42783 /* colorlesspoint.vsh in Resources */,
				16303BB21FD14D0E00C42783 /* quad.fsh in Resources */,
				16303BB31FD14D0E00C42783 /* stencil.fsh in Resources */,
				16303BB41FD14D0E00C42783 /* point.fsh in Resources */,
				16303BB51FD14D0E00C42783 /* coloredpoint.vsh in Resources */,
				162BEC1F1F7CCCBD00BB78BA /* Localizable.strings in Resources */,
				163EAEDD1FD64435003109B3 /* Crayon.png in Resources */,
				163EAEDB1FD64435003109B3 /* Pencil.png in Resources */,
				163EAEDA1FD64435003109B3 /* Marker.png in Resources */,
				165A95981FDA3F2600970CE7 /* Texture.png in Resources */,
				1645CE151FFE5211002AC2FD /* GoogleService-Info.plist in Resources */,
				163EAEDC1FD64435003109B3 /* Airbrush.png in Resources */,
				162BEC211F7CCCBD00BB78BA /* LaunchScreen.storyboard in Resources */,
				162BEC201F7CCCBD00BB78BA /* Main.storyboard in Resources */,
				16D08F241FB169AD001D167C /* Account.storyboard in Resources */,
				1664F4B51F74E3F100809C32 /* Login.storyboard in Resources */,
				1649F2721FD7A0E000B90A1E /* Drawing.storyboard in Resources */,
				163F65B21F61663900945E04 /* Assets.xcassets in Resources */,
			);
			runOnlyForDeploymentPostprocessing = 0;
		};
/* End PBXResourcesBuildPhase section */

/* Begin PBXShellScriptBuildPhase section */
		16D08F1B1FB14B5B001D167C /* ShellScript */ = {
			isa = PBXShellScriptBuildPhase;
			buildActionMask = 12;
			files = (
			);
			inputPaths = (
			);
			outputPaths = (
			);
			runOnlyForDeploymentPostprocessing = 0;
			shellPath = /bin/sh;
			shellScript = "\"${PODS_ROOT}/Fabric/run\"";
		};
		306D15DA829BDA6EC351F7D6 /* [CP] Copy Pods Resources */ = {
			isa = PBXShellScriptBuildPhase;
			buildActionMask = 2147483647;
			files = (
			);
			inputPaths = (
				"${SRCROOT}/Pods/Target Support Files/Pods-BonnieDraw/Pods-BonnieDraw-resources.sh",
				"${PODS_ROOT}/GoogleSignIn/Resources/GoogleSignIn.bundle",
				"${PODS_ROOT}/TwitterKit/iOS/TwitterKit.framework/TwitterKitResources.bundle",
				"${PODS_ROOT}/TwitterKit/iOS/TwitterKit.framework/TwitterShareExtensionUIResources.bundle",
			);
			name = "[CP] Copy Pods Resources";
			outputPaths = (
				"${TARGET_BUILD_DIR}/${UNLOCALIZED_RESOURCES_FOLDER_PATH}",
			);
			runOnlyForDeploymentPostprocessing = 0;
			shellPath = /bin/sh;
			shellScript = "\"${SRCROOT}/Pods/Target Support Files/Pods-BonnieDraw/Pods-BonnieDraw-resources.sh\"\n";
			showEnvVarsInLog = 0;
		};
		4BDFC3806A1CEB7FA6FA26FD /* [CP] Check Pods Manifest.lock */ = {
			isa = PBXShellScriptBuildPhase;
			buildActionMask = 2147483647;
			files = (
			);
			inputPaths = (
				"${PODS_PODFILE_DIR_PATH}/Podfile.lock",
				"${PODS_ROOT}/Manifest.lock",
			);
			name = "[CP] Check Pods Manifest.lock";
			outputPaths = (
				"$(DERIVED_FILE_DIR)/Pods-BonnieDraw-checkManifestLockResult.txt",
			);
			runOnlyForDeploymentPostprocessing = 0;
			shellPath = /bin/sh;
			shellScript = "diff \"${PODS_PODFILE_DIR_PATH}/Podfile.lock\" \"${PODS_ROOT}/Manifest.lock\" > /dev/null\nif [ $? != 0 ] ; then\n    # print error to STDERR\n    echo \"error: The sandbox is not in sync with the Podfile.lock. Run 'pod install' or update your CocoaPods installation.\" >&2\n    exit 1\nfi\n# This output is used by Xcode 'outputs' to avoid re-running this script phase.\necho \"SUCCESS\" > \"${SCRIPT_OUTPUT_FILE_0}\"\n";
			showEnvVarsInLog = 0;
		};
		E582CE5F134C9329393F8078 /* [CP] Embed Pods Frameworks */ = {
			isa = PBXShellScriptBuildPhase;
			buildActionMask = 2147483647;
			files = (
			);
			inputPaths = (
				"${SRCROOT}/Pods/Target Support Files/Pods-BonnieDraw/Pods-BonnieDraw-frameworks.sh",
				"${BUILT_PRODUCTS_DIR}/Alamofire/Alamofire.framework",
				"${BUILT_PRODUCTS_DIR}/Bolts/Bolts.framework",
				"${BUILT_PRODUCTS_DIR}/DeviceKit/DeviceKit.framework",
				"${BUILT_PRODUCTS_DIR}/DropDown/DropDown.framework",
				"${BUILT_PRODUCTS_DIR}/FBSDKCoreKit/FBSDKCoreKit.framework",
				"${BUILT_PRODUCTS_DIR}/FBSDKLoginKit/FBSDKLoginKit.framework",
				"${BUILT_PRODUCTS_DIR}/FacebookCore/FacebookCore.framework",
				"${BUILT_PRODUCTS_DIR}/FacebookLogin/FacebookLogin.framework",
				"${BUILT_PRODUCTS_DIR}/GTMOAuth2/GTMOAuth2.framework",
				"${BUILT_PRODUCTS_DIR}/GTMSessionFetcher/GTMSessionFetcher.framework",
				"${BUILT_PRODUCTS_DIR}/GoogleToolboxForMac/GoogleToolboxForMac.framework",
				"${BUILT_PRODUCTS_DIR}/KYDrawerController/KYDrawerController.framework",
				"${BUILT_PRODUCTS_DIR}/Protobuf/Protobuf.framework",
				"${BUILT_PRODUCTS_DIR}/ReachabilitySwift/Reachability.framework",
				"${BUILT_PRODUCTS_DIR}/SDWebImage/SDWebImage.framework",
				"${PODS_ROOT}/TwitterCore/iOS/TwitterCore.framework",
				"${PODS_ROOT}/TwitterKit/iOS/TwitterKit.framework",
				"${BUILT_PRODUCTS_DIR}/leveldb-library/leveldb.framework",
				"${BUILT_PRODUCTS_DIR}/nanopb/nanopb.framework",
			);
			name = "[CP] Embed Pods Frameworks";
			outputPaths = (
				"${TARGET_BUILD_DIR}/${FRAMEWORKS_FOLDER_PATH}/Alamofire.framework",
				"${TARGET_BUILD_DIR}/${FRAMEWORKS_FOLDER_PATH}/Bolts.framework",
				"${TARGET_BUILD_DIR}/${FRAMEWORKS_FOLDER_PATH}/DeviceKit.framework",
				"${TARGET_BUILD_DIR}/${FRAMEWORKS_FOLDER_PATH}/DropDown.framework",
				"${TARGET_BUILD_DIR}/${FRAMEWORKS_FOLDER_PATH}/FBSDKCoreKit.framework",
				"${TARGET_BUILD_DIR}/${FRAMEWORKS_FOLDER_PATH}/FBSDKLoginKit.framework",
				"${TARGET_BUILD_DIR}/${FRAMEWORKS_FOLDER_PATH}/FacebookCore.framework",
				"${TARGET_BUILD_DIR}/${FRAMEWORKS_FOLDER_PATH}/FacebookLogin.framework",
				"${TARGET_BUILD_DIR}/${FRAMEWORKS_FOLDER_PATH}/GTMOAuth2.framework",
				"${TARGET_BUILD_DIR}/${FRAMEWORKS_FOLDER_PATH}/GTMSessionFetcher.framework",
				"${TARGET_BUILD_DIR}/${FRAMEWORKS_FOLDER_PATH}/GoogleToolboxForMac.framework",
				"${TARGET_BUILD_DIR}/${FRAMEWORKS_FOLDER_PATH}/KYDrawerController.framework",
				"${TARGET_BUILD_DIR}/${FRAMEWORKS_FOLDER_PATH}/Protobuf.framework",
				"${TARGET_BUILD_DIR}/${FRAMEWORKS_FOLDER_PATH}/Reachability.framework",
				"${TARGET_BUILD_DIR}/${FRAMEWORKS_FOLDER_PATH}/SDWebImage.framework",
				"${TARGET_BUILD_DIR}/${FRAMEWORKS_FOLDER_PATH}/TwitterCore.framework",
				"${TARGET_BUILD_DIR}/${FRAMEWORKS_FOLDER_PATH}/TwitterKit.framework",
				"${TARGET_BUILD_DIR}/${FRAMEWORKS_FOLDER_PATH}/leveldb.framework",
				"${TARGET_BUILD_DIR}/${FRAMEWORKS_FOLDER_PATH}/nanopb.framework",
			);
			runOnlyForDeploymentPostprocessing = 0;
			shellPath = /bin/sh;
			shellScript = "\"${SRCROOT}/Pods/Target Support Files/Pods-BonnieDraw/Pods-BonnieDraw-frameworks.sh\"\n";
			showEnvVarsInLog = 0;
		};
/* End PBXShellScriptBuildPhase section */

/* Begin PBXSourcesBuildPhase section */
		163F65A31F61663800945E04 /* Sources */ = {
			isa = PBXSourcesBuildPhase;
			buildActionMask = 2147483647;
			files = (
				163174711FF0E661001F7A99 /* ButtonExtension.swift in Sources */,
				16369FFE1FB2A60300C7C8BC /* TabNavigationControllerDelegate.swift in Sources */,
				16BE0F2E1FC67D5700B989CE /* CanvasSettingTableViewController.swift in Sources */,
				16369FFC1FB2A43600C7C8BC /* TabNavigationControllerAnimator.swift in Sources */,
				163907041F6C0BE400E5717A /* ApplicationExtension.swift in Sources */,
				163A5E251FA061F100FE70BD /* FollowTableViewCell.swift in Sources */,
				16D439681F66AC8200FF5878 /* Point.swift in Sources */,
				16E539721FD9698000799E4D /* CommentTableViewCell.swift in Sources */,
				16C013CD1F9F321100238463 /* FollowViewController.swift in Sources */,
				163F65BF1F616C4F00945E04 /* CanvasViewController.swift in Sources */,
				16303BA91FD1494E00C42783 /* Brush.swift in Sources */,
				16CB8C731FF62A1100635F39 /* CustomSelectorTableViewCell.swift in Sources */,
				16386DD61FAC019A00DFE2E5 /* DataConverter.swift in Sources */,
				166BDF421F860E7900274C6C /* SplashViewController.swift in Sources */,
				1649F2741FD7A43A00B90A1E /* LightStatusBarViewController.swift in Sources */,
				1694F2721FF355640063F9E9 /* ReportViewController.swift in Sources */,
				166889971FBC6802001CBFB3 /* UserDefaultsExtension.swift in Sources */,
				16353D481FCDA57200482807 /* BrushPickerCollectionViewCell.swift in Sources */,
				16076EBA1F7CA142009E1E49 /* SizePickerViewController.swift in Sources */,
				16185C7F1F94A264008F0840 /* Work.swift in Sources */,
				16D08F1F1FB14D84001D167C /* DebugViewController.swift in Sources */,
				165710FF1F6BAB63004A8DD8 /* Path.swift in Sources */,
				16332A231F7F3048007857E3 /* UploadViewController.swift in Sources */,
				1633C0651F9ED4410039E7F6 /* WebViewController.swift in Sources */,
				1664F4B71F74E5BB00809C32 /* ParentViewController.swift in Sources */,
				16366AE71F7A39EC00E5799B /* ImageViewExtension.swift in Sources */,
				1664F4A31F74AB3000809C32 /* DrawerViewController.swift in Sources */,
				164AEC241FC69CCF00542354 /* ViewControllerExtension.swift in Sources */,
				16E539701FD965D800799E4D /* CommentViewController.swift in Sources */,
				164ED24F1F7B414500E8B910 /* TableViewExtension.swift in Sources */,
				16083DD71F7E75F0008BBB4B /* NotificationViewController.swift in Sources */,
				163DDF401FC566F40052DF80 /* Profile.swift in Sources */,
				16684EFC1F97042B00AF0A7F /* AccountEditViewController.swift in Sources */,
				165E1B5F1F9DE49F0050A7BB /* LanguageViewController.swift in Sources */,
				165ECC571F73A46200E32AA5 /* ColorExtension.swift in Sources */,
				16492BD21F972ABB00E45D96 /* TextFieldExtension.swift in Sources */,
				16CB8C751FF62A8D00635F39 /* CustomSelectorCollectionViewCell.swift in Sources */,
				16FC10241F6963B3008A6A92 /* ViewExtension.swift in Sources */,
				16366AE51F7A131200E5799B /* HomeTableViewCell.swift in Sources */,
				169490F61FBC5FA3000B4FB1 /* ColorPickerCollectionViewCell.swift in Sources */,
				16366AE21F7A0AA300E5799B /* HomeViewController.swift in Sources */,
				16185C7D1F94A13F008F0840 /* WorkViewController.swift in Sources */,
				165ECC531F73947C00E32AA5 /* ForgetPasswordViewController.swift in Sources */,
				165ECC5D1F73A83800E32AA5 /* LoadingIndicatorView.swift in Sources */,
				16A82D101FB1B56F007D6128 /* UserTableViewCell.swift in Sources */,
				164CA76C1F99E24C007F9374 /* AccountListCollectionViewCell.swift in Sources */,
				165996DB1FB4429200AAE7B3 /* HueView.swift in Sources */,
				163906FE1F6C083300E5717A /* SignInViewController.swift in Sources */,
				162AC4AB1F95FCED00FA26C9 /* AccountGridCollectionViewCell.swift in Sources */,
				165E1B5D1F9DE4920050A7BB /* PasswordViewController.swift in Sources */,
				16812ADA1F99FDCD00F9D4E1 /* CustomTitleNavigationViewController.swift in Sources */,
				163A5E1F1FA0275200FE70BD /* FollowBarItem.swift in Sources */,
				166C41241F90964F00A98385 /* DataExtension.swift in Sources */,
				165996DA1FB4429200AAE7B3 /* SaturationBrightnessView.swift in Sources */,
				16A82D0E1FB1B564007D6128 /* RecommendViewController.swift in Sources */,
				164ED24D1F7B379200E8B910 /* AccountViewController.swift in Sources */,
				16816AA71FAFF8DD00855104 /* ShadowView.swift in Sources */,
				164ED2531F7BA45E00E8B910 /* ColorPickerViewController.swift in Sources */,
				165E1B5B1F9DDFA80050A7BB /* SettingViewController.swift in Sources */,
				16AD967F1FD3E6370084151D /* TouchExtension.swift in Sources */,
				16BC73721F96001800A872A8 /* AccountHeaderCollectionReusableView.swift in Sources */,
				163DDF3E1FC5526D0052DF80 /* NotificationTableViewCell.swift in Sources */,
				1664F4BD1F75123C00809C32 /* TabBarViewController.swift in Sources */,
				169C71CB1F66AFEF00B5D786 /* Constant.swift in Sources */,
				16D439651F66A9B300FF5878 /* Logger.swift in Sources */,
				164985A11FF79F1F00A1B00E /* WindowExtension.swift in Sources */,
				163F65AB1F61663800945E04 /* AppDelegate.swift in Sources */,
				165ECC591F73A47D00E32AA5 /* StringExtension.swift in Sources */,
				163A5E271FA062D500FE70BD /* FollowButton.swift in Sources */,
				16CEB89E1F72AF0400ADBC1F /* SignUpViewController.swift in Sources */,
				16353D4A1FCDA61C00482807 /* BrushPickerViewController.swift in Sources */,
				1649F2701FD7A09200B90A1E /* CanvasAnimationViewController.swift in Sources */,
				16C013CB1F9F2E3E00238463 /* UserViewController.swift in Sources */,
				16ECCD6D1FECD3B9009C053E /* CollectionViewExtension.swift in Sources */,
				1619E9401FEA88C6009CFE08 /* HomeBarBackgroundView.swift in Sources */,
				164F84661FC6643500A8E770 /* User.swift in Sources */,
				163907051F6C0BE400E5717A /* BundleExtension.swift in Sources */,
				16BE0F2C1FC67A1500B989CE /* GridView.swift in Sources */,
				16AD54EC1FDA91EF00EA498B /* Message.swift in Sources */,
				16CEB8A01F72AFC300ADBC1F /* BackButtonViewController.swift in Sources */,
				16109CCB1F96E96D000864DB /* AccountFooterCollectionReusableView.swift in Sources */,
			);
			runOnlyForDeploymentPostprocessing = 0;
		};
/* End PBXSourcesBuildPhase section */

/* Begin PBXVariantGroup section */
		163F65AE1F61663900945E04 /* Main.storyboard */ = {
			isa = PBXVariantGroup;
			children = (
				163F65AF1F61663900945E04 /* Base */,
			);
			name = Main.storyboard;
			sourceTree = "<group>";
		};
		163F65B31F61663900945E04 /* LaunchScreen.storyboard */ = {
			isa = PBXVariantGroup;
			children = (
				163F65B41F61663900945E04 /* Base */,
			);
			name = LaunchScreen.storyboard;
			sourceTree = "<group>";
		};
		1664F4A81F74AD9200809C32 /* Localizable.strings */ = {
			isa = PBXVariantGroup;
			children = (
				1664F4A91F74AD9200809C32 /* Base */,
			);
			name = Localizable.strings;
			sourceTree = "<group>";
		};
		16D08F221FB169AC001D167C /* Account.storyboard */ = {
			isa = PBXVariantGroup;
			children = (
				16D08F231FB169AC001D167C /* Base */,
			);
			name = Account.storyboard;
			sourceTree = "<group>";
		};
/* End PBXVariantGroup section */

/* Begin XCBuildConfiguration section */
		163F65B71F61663900945E04 /* Debug */ = {
			isa = XCBuildConfiguration;
			buildSettings = {
				ALWAYS_SEARCH_USER_PATHS = NO;
				CLANG_ANALYZER_NONNULL = YES;
				CLANG_ANALYZER_NUMBER_OBJECT_CONVERSION = YES_AGGRESSIVE;
				CLANG_CXX_LANGUAGE_STANDARD = "gnu++0x";
				CLANG_CXX_LIBRARY = "libc++";
				CLANG_ENABLE_MODULES = YES;
				CLANG_ENABLE_OBJC_ARC = YES;
				CLANG_WARN_BLOCK_CAPTURE_AUTORELEASING = YES;
				CLANG_WARN_BOOL_CONVERSION = YES;
				CLANG_WARN_COMMA = YES;
				CLANG_WARN_CONSTANT_CONVERSION = YES;
				CLANG_WARN_DIRECT_OBJC_ISA_USAGE = YES_ERROR;
				CLANG_WARN_DOCUMENTATION_COMMENTS = YES;
				CLANG_WARN_EMPTY_BODY = YES;
				CLANG_WARN_ENUM_CONVERSION = YES;
				CLANG_WARN_INFINITE_RECURSION = YES;
				CLANG_WARN_INT_CONVERSION = YES;
				CLANG_WARN_NON_LITERAL_NULL_CONVERSION = YES;
				CLANG_WARN_OBJC_LITERAL_CONVERSION = YES;
				CLANG_WARN_OBJC_ROOT_CLASS = YES_ERROR;
				CLANG_WARN_RANGE_LOOP_ANALYSIS = YES;
				CLANG_WARN_STRICT_PROTOTYPES = YES;
				CLANG_WARN_SUSPICIOUS_MOVE = YES;
				CLANG_WARN_UNREACHABLE_CODE = YES;
				CLANG_WARN__DUPLICATE_METHOD_MATCH = YES;
				"CODE_SIGN_IDENTITY[sdk=iphoneos*]" = "iPhone Developer";
				COPY_PHASE_STRIP = NO;
				ENABLE_STRICT_OBJC_MSGSEND = YES;
				ENABLE_TESTABILITY = YES;
				GCC_C_LANGUAGE_STANDARD = gnu99;
				GCC_DYNAMIC_NO_PIC = NO;
				GCC_NO_COMMON_BLOCKS = YES;
				GCC_OPTIMIZATION_LEVEL = 0;
				GCC_PREPROCESSOR_DEFINITIONS = (
					"DEBUG=1",
					"$(inherited)",
				);
				GCC_WARN_64_TO_32_BIT_CONVERSION = YES;
				GCC_WARN_ABOUT_RETURN_TYPE = YES_ERROR;
				GCC_WARN_UNDECLARED_SELECTOR = YES;
				GCC_WARN_UNINITIALIZED_AUTOS = YES_AGGRESSIVE;
				GCC_WARN_UNUSED_FUNCTION = YES;
				GCC_WARN_UNUSED_VARIABLE = YES;
				HEADER_SEARCH_PATHS = "$(PROJECT_DIR)";
				IPHONEOS_DEPLOYMENT_TARGET = 10.0;
				MTL_ENABLE_DEBUG_INFO = YES;
				ONLY_ACTIVE_ARCH = YES;
				SDKROOT = iphoneos;
				SWIFT_ACTIVE_COMPILATION_CONDITIONS = DEBUG;
				TARGETED_DEVICE_FAMILY = "1,2";
			};
			name = Debug;
		};
		163F65B81F61663900945E04 /* Release */ = {
			isa = XCBuildConfiguration;
			buildSettings = {
				ALWAYS_SEARCH_USER_PATHS = NO;
				CLANG_ANALYZER_NONNULL = YES;
				CLANG_ANALYZER_NUMBER_OBJECT_CONVERSION = YES_AGGRESSIVE;
				CLANG_CXX_LANGUAGE_STANDARD = "gnu++0x";
				CLANG_CXX_LIBRARY = "libc++";
				CLANG_ENABLE_MODULES = YES;
				CLANG_ENABLE_OBJC_ARC = YES;
				CLANG_WARN_BLOCK_CAPTURE_AUTORELEASING = YES;
				CLANG_WARN_BOOL_CONVERSION = YES;
				CLANG_WARN_COMMA = YES;
				CLANG_WARN_CONSTANT_CONVERSION = YES;
				CLANG_WARN_DIRECT_OBJC_ISA_USAGE = YES_ERROR;
				CLANG_WARN_DOCUMENTATION_COMMENTS = YES;
				CLANG_WARN_EMPTY_BODY = YES;
				CLANG_WARN_ENUM_CONVERSION = YES;
				CLANG_WARN_INFINITE_RECURSION = YES;
				CLANG_WARN_INT_CONVERSION = YES;
				CLANG_WARN_NON_LITERAL_NULL_CONVERSION = YES;
				CLANG_WARN_OBJC_LITERAL_CONVERSION = YES;
				CLANG_WARN_OBJC_ROOT_CLASS = YES_ERROR;
				CLANG_WARN_RANGE_LOOP_ANALYSIS = YES;
				CLANG_WARN_STRICT_PROTOTYPES = YES;
				CLANG_WARN_SUSPICIOUS_MOVE = YES;
				CLANG_WARN_UNREACHABLE_CODE = YES;
				CLANG_WARN__DUPLICATE_METHOD_MATCH = YES;
				"CODE_SIGN_IDENTITY[sdk=iphoneos*]" = "iPhone Developer";
				COPY_PHASE_STRIP = NO;
				ENABLE_NS_ASSERTIONS = NO;
				ENABLE_STRICT_OBJC_MSGSEND = YES;
				GCC_C_LANGUAGE_STANDARD = gnu99;
				GCC_NO_COMMON_BLOCKS = YES;
				GCC_WARN_64_TO_32_BIT_CONVERSION = YES;
				GCC_WARN_ABOUT_RETURN_TYPE = YES_ERROR;
				GCC_WARN_UNDECLARED_SELECTOR = YES;
				GCC_WARN_UNINITIALIZED_AUTOS = YES_AGGRESSIVE;
				GCC_WARN_UNUSED_FUNCTION = YES;
				GCC_WARN_UNUSED_VARIABLE = YES;
				HEADER_SEARCH_PATHS = "$(PROJECT_DIR)";
				IPHONEOS_DEPLOYMENT_TARGET = 10.0;
				MTL_ENABLE_DEBUG_INFO = NO;
				SDKROOT = iphoneos;
				TARGETED_DEVICE_FAMILY = "1,2";
				VALIDATE_PRODUCT = YES;
			};
			name = Release;
		};
		163F65BA1F61663900945E04 /* Debug */ = {
			isa = XCBuildConfiguration;
			baseConfigurationReference = F1E64C6A95DC11CFE0EF1A63 /* Pods-BonnieDraw.debug.xcconfig */;
			buildSettings = {
				ASSETCATALOG_COMPILER_APPICON_NAME = AppIcon;
				CLANG_ENABLE_MODULES = YES;
				CODE_SIGN_ENTITLEMENTS = BonnieDraw/BonnieDraw.entitlements;
				DEVELOPMENT_TEAM = 3MMZ7UBHWG;
				INFOPLIST_FILE = BonnieDraw/Info.plist;
				PRODUCT_BUNDLE_IDENTIFIER = com.sctw.bonniedraw;
				PRODUCT_NAME = "$(TARGET_NAME)";
				SWIFT_OBJC_BRIDGING_HEADER = "BonnieDraw/BonnieDraw-Bridging-Header.h";
				SWIFT_OPTIMIZATION_LEVEL = "-Onone";
				SWIFT_VERSION = 4.0;
			};
			name = Debug;
		};
		163F65BB1F61663900945E04 /* Release */ = {
			isa = XCBuildConfiguration;
			baseConfigurationReference = 388AE756E7807DDA04B29841 /* Pods-BonnieDraw.release.xcconfig */;
			buildSettings = {
				ASSETCATALOG_COMPILER_APPICON_NAME = AppIcon;
				CLANG_ENABLE_MODULES = YES;
				CODE_SIGN_ENTITLEMENTS = BonnieDraw/BonnieDraw.entitlements;
				DEVELOPMENT_TEAM = 3MMZ7UBHWG;
				INFOPLIST_FILE = BonnieDraw/Info.plist;
				PRODUCT_BUNDLE_IDENTIFIER = com.sctw.bonniedraw;
				PRODUCT_NAME = "$(TARGET_NAME)";
				SWIFT_OBJC_BRIDGING_HEADER = "BonnieDraw/BonnieDraw-Bridging-Header.h";
				SWIFT_OPTIMIZATION_LEVEL = "-Owholemodule";
				SWIFT_VERSION = 4.0;
			};
			name = Release;
		};
/* End XCBuildConfiguration section */

/* Begin XCConfigurationList section */
		163F65A21F61663800945E04 /* Build configuration list for PBXProject "BonnieDraw" */ = {
			isa = XCConfigurationList;
			buildConfigurations = (
				163F65B71F61663900945E04 /* Debug */,
				163F65B81F61663900945E04 /* Release */,
			);
			defaultConfigurationIsVisible = 0;
			defaultConfigurationName = Release;
		};
		163F65B91F61663900945E04 /* Build configuration list for PBXNativeTarget "BonnieDraw" */ = {
			isa = XCConfigurationList;
			buildConfigurations = (
				163F65BA1F61663900945E04 /* Debug */,
				163F65BB1F61663900945E04 /* Release */,
			);
			defaultConfigurationIsVisible = 0;
			defaultConfigurationName = Release;
		};
/* End XCConfigurationList section */
	};
	rootObject = 163F659F1F61663800945E04 /* Project object */;
}
