PODS:
  - Alamofire (4.6.0)
  - Bolts (1.8.4):
    - Bolts/AppLinks (= 1.8.4)
    - Bolts/Tasks (= 1.8.4)
  - Bolts/AppLinks (1.8.4):
    - Bolts/Tasks
  - Bolts/Tasks (1.8.4)
  - Crashlytics (3.9.3):
    - Fabric (~> 1.7.2)
  - DeviceKit (1.4.0)
  - DropDown (2.0.1)
  - Fabric (1.7.2)
  - FacebookCore (0.3.0):
    - Bolts (~> 1.8)
    - FBSDKCoreKit (~> 4.27)
  - FacebookLogin (0.3.0):
    - Bolts (~> 1.8)
    - FacebookCore (~> 0.3)
    - FBSDKCoreKit (~> 4.27)
    - FBSDKLoginKit (~> 4.27)
  - FBSDKCoreKit (4.28.0):
    - Bolts (~> 1.7)
  - FBSDKLoginKit (4.28.0):
    - FBSDKCoreKit
  - Firebase/Core (4.7.0):
    - FirebaseAnalytics (= 4.0.5)
    - FirebaseCore (= 4.0.12)
  - Firebase/Crash (4.7.0):
    - Firebase/Core
    - FirebaseCrash (= 2.0.2)
  - Firebase/Database (4.7.0):
    - Firebase/Core
    - FirebaseDatabase (= 4.1.2)
  - Firebase/Messaging (4.7.0):
    - Firebase/Core
    - FirebaseMessaging (= 2.0.7)
  - FirebaseAnalytics (4.0.5):
    - FirebaseCore (~> 4.0)
    - FirebaseInstanceID (~> 2.0)
    - GoogleToolboxForMac/NSData+zlib (~> 2.1)
    - nanopb (~> 0.3)
  - FirebaseCore (4.0.12):
    - GoogleToolboxForMac/NSData+zlib (~> 2.1)
  - FirebaseCrash (2.0.2):
    - FirebaseAnalytics (~> 4.0)
    - FirebaseInstanceID (~> 2.0)
    - GoogleToolboxForMac/Logger (~> 2.1)
    - GoogleToolboxForMac/NSData+zlib (~> 2.1)
    - Protobuf (~> 3.1)
  - FirebaseDatabase (4.1.2):
    - FirebaseAnalytics (~> 4.0)
    - FirebaseCore (~> 4.0)
    - leveldb-library (~> 1.18)
  - FirebaseInstanceID (2.0.7)
  - FirebaseMessaging (2.0.7):
    - FirebaseAnalytics (~> 4.0)
    - FirebaseCore (~> 4.0)
    - FirebaseInstanceID (~> 2.0)
    - GoogleToolboxForMac/Logger (~> 2.1)
    - Protobuf (~> 3.1)
  - GoogleSignIn (4.1.1):
    - GoogleToolboxForMac/NSDictionary+URLArguments (~> 2.1)
    - GoogleToolboxForMac/NSString+URLArguments (~> 2.1)
    - GTMOAuth2 (~> 1.0)
    - GTMSessionFetcher/Core (~> 1.1)
  - GoogleToolboxForMac/DebugUtils (2.1.3):
    - GoogleToolboxForMac/Defines (= 2.1.3)
  - GoogleToolboxForMac/Defines (2.1.3)
  - GoogleToolboxForMac/Logger (2.1.3):
    - GoogleToolboxForMac/Defines (= 2.1.3)
  - GoogleToolboxForMac/NSData+zlib (2.1.3):
    - GoogleToolboxForMac/Defines (= 2.1.3)
  - GoogleToolboxForMac/NSDictionary+URLArguments (2.1.3):
    - GoogleToolboxForMac/DebugUtils (= 2.1.3)
    - GoogleToolboxForMac/Defines (= 2.1.3)
    - GoogleToolboxForMac/NSString+URLArguments (= 2.1.3)
  - GoogleToolboxForMac/NSString+URLArguments (2.1.3)
  - GTMOAuth2 (1.1.5):
    - GTMSessionFetcher (~> 1.1)
  - GTMSessionFetcher (1.1.12):
    - GTMSessionFetcher/Full (= 1.1.12)
  - GTMSessionFetcher/Core (1.1.12)
  - GTMSessionFetcher/Full (1.1.12):
    - GTMSessionFetcher/Core (= 1.1.12)
  - KYDrawerController (2.0.4)
  - leveldb-library (1.20)
  - nanopb (0.3.8):
    - nanopb/decode (= 0.3.8)
    - nanopb/encode (= 0.3.8)
  - nanopb/decode (0.3.8)
  - nanopb/encode (0.3.8)
  - Protobuf (3.5.0)
  - ReachabilitySwift (4.1.0)
  - SDWebImage (4.2.2):
    - SDWebImage/Core (= 4.2.2)
  - SDWebImage/Core (4.2.2)
  - TwitterCore (3.0.3)
  - TwitterKit (3.2.2):
    - TwitterCore (>= 3.0.3)
  - XLPagerTabStrip (8.0.0)

DEPENDENCIES:
  - Alamofire
  - Crashlytics
  - DeviceKit
  - DropDown
  - Fabric
  - FacebookLogin
  - Firebase/Core
  - Firebase/Crash
  - Firebase/Database
  - Firebase/Messaging
  - GoogleSignIn
  - KYDrawerController
  - ReachabilitySwift
  - SDWebImage
  - TwitterKit
  - XLPagerTabStrip

SPEC CHECKSUMS:
  Alamofire: f41a599bd63041760b26d393ec1069d9d7b917f4
  Bolts: 8a7995239dbe724f9cba2248b766d48b7ebdd322
  Crashlytics: dbb07d01876c171c5ccbdf7826410380189e452c
  DeviceKit: fa74d97499660e88081718b16688e19217595dba
  DropDown: 7da559c37b5515156cc21289945189921f500498
  Fabric: 9cd6a848efcf1b8b07497e0b6a2e7d336353ba15
  FacebookCore: 3ffa190a3f1f96cec0e44d3fc221bc322c595ffa
  FacebookLogin: 0af839ea858faef99550d16596b87b4a8e8906e6
  FBSDKCoreKit: ca961e279113f691fd83dc634c0bbad9d4e3f370
  FBSDKLoginKit: b077381c27d800f21661757e8140cf2c80a91e4a
  Firebase: dbfb98ccec2dcfcd21ab9cc1b4981a3f3c8c5e26
  FirebaseAnalytics: 5b02a63ead2c3f0259cfc7f15e053e440587ecf8
  FirebaseCore: 6cf108b63997bc08c04a1ffa55a3ac0d71a59ffc
  FirebaseCrash: cded0fc566c03651aea606a101bc156085f333ca
  FirebaseDatabase: 18ecb23e15c7f58bb0c4527e9cace06897cc40ca
  FirebaseInstanceID: 148c25c986c8699e67304b114e365713dce467f2
  FirebaseMessaging: 1a11d1c0a9ed9b3f75a0685bb0ae5932e1062f5f
  GoogleSignIn: 3fdaa34a2ba04dbd7a25d7db39aecb0da98d5bdc
  GoogleToolboxForMac: 2501e2ad72a52eb3dfe7bd9aee7dad11b858bd20
  GTMOAuth2: be83fd28d63ae3087e7d351b1f39c1a7e24ab6e7
  GTMSessionFetcher: ebaa1f79a5366922c1735f1566901f50beba23b7
  KYDrawerController: cf5839877c442132123e9d482f458821026defdf
  leveldb-library: 4f9eedf84ab46b4fa3b7893bf30714b2a1a74022
  nanopb: 5601e6bca2dbf1ed831b519092ec110f66982ca3
  Protobuf: 8a9838fba8dae3389230e1b7f8c104aa32389c03
  ReachabilitySwift: 6849231cd4e06559f3b9ef4a97a0a0f96d41e09f
  SDWebImage: 89a9d32cd520bbb46eb14e541d5109b3564af198
  TwitterCore: 549c74ed5f3d6134392dc944c6d215e233e50ad8
  TwitterKit: b9feccfc70bef86fe389c06a63a72fed9f020b9c
  XLPagerTabStrip: d1ab378af0923320ec0b5eab11d7b2f803d31261

PODFILE CHECKSUM: 4a9e067247c994aee83a1584a55afe11bbdb4460

COCOAPODS: 1.2.1
